# This file is automatically @generated by Poetry 1.5.1 and should not be changed by hand.

[[package]]
name = "boto3"
version = "1.26.90"
description = "The AWS SDK for Python"
optional = false
python-versions = ">= 3.7"
files = [
    {file = "boto3-1.26.90-py3-none-any.whl", hash = "sha256:f1123076445f93fa85bf7ee956ae33041f2e077a6824e31929cc56ad31aeffc1"},
    {file = "boto3-1.26.90.tar.gz", hash = "sha256:1d33abca60643d14f90a9e77d94085ebfd8f8bf8f157f582466f6b3a141bab8c"},
]

[package.dependencies]
botocore = ">=1.29.90,<1.30.0"
jmespath = ">=0.7.1,<2.0.0"
s3transfer = ">=0.6.0,<0.7.0"

[package.extras]
crt = ["botocore[crt] (>=1.21.0,<2.0a0)"]

[[package]]
name = "botocore"
version = "1.29.165"
description = "Low-level, data-driven core of boto 3."
optional = false
python-versions = ">= 3.7"
files = [
    {file = "botocore-1.29.165-py3-none-any.whl", hash = "sha256:6f35d59e230095aed7cd747604fe248fa384bebb7d09549077892f936a8ca3df"},
    {file = "botocore-1.29.165.tar.gz", hash = "sha256:988b948be685006b43c4bbd8f5c0cb93e77c66deb70561994e0c5b31b5a67210"},
]

[package.dependencies]
jmespath = ">=0.7.1,<2.0.0"
python-dateutil = ">=2.1,<3.0.0"
urllib3 = ">=1.25.4,<1.27"

[package.extras]
crt = ["awscrt (==0.16.9)"]

[[package]]
name = "jmespath"
version = "1.0.1"
description = "JSON Matching Expressions"
optional = false
python-versions = ">=3.7"
files = [
    {file = "jmespath-1.0.1-py3-none-any.whl", hash = "sha256:02e2e4cc71b5bcab88332eebf907519190dd9e6e82107fa7f83b1003a6252980"},
    {file = "jmespath-1.0.1.tar.gz", hash = "sha256:90261b206d6defd58fdd5e85f478bf633a2901798906be2ad389150c5c60edbe"},
]

[[package]]
name = "numpy"
version = "1.25.0"
description = "Fundamental package for array computing in Python"
optional = false
python-versions = ">=3.9"
files = [
    {file = "numpy-1.25.0-cp310-cp310-macosx_10_9_x86_64.whl", hash = "sha256:8aa130c3042052d656751df5e81f6d61edff3e289b5994edcf77f54118a8d9f4"},
    {file = "numpy-1.25.0-cp310-cp310-macosx_11_0_arm64.whl", hash = "sha256:9e3f2b96e3b63c978bc29daaa3700c028fe3f049ea3031b58aa33fe2a5809d24"},
    {file = "numpy-1.25.0-cp310-cp310-manylinux_2_17_aarch64.manylinux2014_aarch64.whl", hash = "sha256:d6b267f349a99d3908b56645eebf340cb58f01bd1e773b4eea1a905b3f0e4208"},
    {file = "numpy-1.25.0-cp310-cp310-manylinux_2_17_x86_64.manylinux2014_x86_64.whl", hash = "sha256:4aedd08f15d3045a4e9c648f1e04daca2ab1044256959f1f95aafeeb3d794c16"},
    {file = "numpy-1.25.0-cp310-cp310-musllinux_1_1_x86_64.whl", hash = "sha256:6d183b5c58513f74225c376643234c369468e02947b47942eacbb23c1671f25d"},
    {file = "numpy-1.25.0-cp310-cp310-win32.whl", hash = "sha256:d76a84998c51b8b68b40448ddd02bd1081bb33abcdc28beee6cd284fe11036c6"},
    {file = "numpy-1.25.0-cp310-cp310-win_amd64.whl", hash = "sha256:c0dc071017bc00abb7d7201bac06fa80333c6314477b3d10b52b58fa6a6e38f6"},
    {file = "numpy-1.25.0-cp311-cp311-macosx_10_9_x86_64.whl", hash = "sha256:4c69fe5f05eea336b7a740e114dec995e2f927003c30702d896892403df6dbf0"},
    {file = "numpy-1.25.0-cp311-cp311-macosx_11_0_arm64.whl", hash = "sha256:9c7211d7920b97aeca7b3773a6783492b5b93baba39e7c36054f6e749fc7490c"},
    {file = "numpy-1.25.0-cp311-cp311-manylinux_2_17_aarch64.manylinux2014_aarch64.whl", hash = "sha256:ecc68f11404930e9c7ecfc937aa423e1e50158317bf67ca91736a9864eae0232"},
    {file = "numpy-1.25.0-cp311-cp311-manylinux_2_17_x86_64.manylinux2014_x86_64.whl", hash = "sha256:e559c6afbca484072a98a51b6fa466aae785cfe89b69e8b856c3191bc8872a82"},
    {file = "numpy-1.25.0-cp311-cp311-musllinux_1_1_x86_64.whl", hash = "sha256:6c284907e37f5e04d2412950960894b143a648dea3f79290757eb878b91acbd1"},
    {file = "numpy-1.25.0-cp311-cp311-win32.whl", hash = "sha256:95367ccd88c07af21b379be1725b5322362bb83679d36691f124a16357390153"},
    {file = "numpy-1.25.0-cp311-cp311-win_amd64.whl", hash = "sha256:b76aa836a952059d70a2788a2d98cb2a533ccd46222558b6970348939e55fc24"},
    {file = "numpy-1.25.0-cp39-cp39-macosx_10_9_x86_64.whl", hash = "sha256:b792164e539d99d93e4e5e09ae10f8cbe5466de7d759fc155e075237e0c274e4"},
    {file = "numpy-1.25.0-cp39-cp39-macosx_11_0_arm64.whl", hash = "sha256:7cd981ccc0afe49b9883f14761bb57c964df71124dcd155b0cba2b591f0d64b9"},
    {file = "numpy-1.25.0-cp39-cp39-manylinux_2_17_aarch64.manylinux2014_aarch64.whl", hash = "sha256:5aa48bebfb41f93043a796128854b84407d4df730d3fb6e5dc36402f5cd594c0"},
    {file = "numpy-1.25.0-cp39-cp39-manylinux_2_17_x86_64.manylinux2014_x86_64.whl", hash = "sha256:5177310ac2e63d6603f659fadc1e7bab33dd5a8db4e0596df34214eeab0fee3b"},
    {file = "numpy-1.25.0-cp39-cp39-musllinux_1_1_x86_64.whl", hash = "sha256:0ac6edfb35d2a99aaf102b509c8e9319c499ebd4978df4971b94419a116d0790"},
    {file = "numpy-1.25.0-cp39-cp39-win32.whl", hash = "sha256:7412125b4f18aeddca2ecd7219ea2d2708f697943e6f624be41aa5f8a9852cc4"},
    {file = "numpy-1.25.0-cp39-cp39-win_amd64.whl", hash = "sha256:26815c6c8498dc49d81faa76d61078c4f9f0859ce7817919021b9eba72b425e3"},
    {file = "numpy-1.25.0-pp39-pypy39_pp73-macosx_10_9_x86_64.whl", hash = "sha256:5b1b90860bf7d8a8c313b372d4f27343a54f415b20fb69dd601b7efe1029c91e"},
    {file = "numpy-1.25.0-pp39-pypy39_pp73-manylinux_2_17_x86_64.manylinux2014_x86_64.whl", hash = "sha256:85cdae87d8c136fd4da4dad1e48064d700f63e923d5af6c8c782ac0df8044542"},
    {file = "numpy-1.25.0-pp39-pypy39_pp73-win_amd64.whl", hash = "sha256:cc3fda2b36482891db1060f00f881c77f9423eead4c3579629940a3e12095fe8"},
    {file = "numpy-1.25.0.tar.gz", hash = "sha256:f1accae9a28dc3cda46a91de86acf69de0d1b5f4edd44a9b0c3ceb8036dfff19"},
]

[[package]]
name = "pandas"
version = "2.0.3"
description = "Powerful data structures for data analysis, time series, and statistics"
optional = false
python-versions = ">=3.8"
files = [
    {file = "pandas-2.0.3-cp310-cp310-macosx_10_9_x86_64.whl", hash = "sha256:e4c7c9f27a4185304c7caf96dc7d91bc60bc162221152de697c98eb0b2648dd8"},
    {file = "pandas-2.0.3-cp310-cp310-macosx_11_0_arm64.whl", hash = "sha256:f167beed68918d62bffb6ec64f2e1d8a7d297a038f86d4aed056b9493fca407f"},
    {file = "pandas-2.0.3-cp310-cp310-manylinux_2_17_aarch64.manylinux2014_aarch64.whl", hash = "sha256:ce0c6f76a0f1ba361551f3e6dceaff06bde7514a374aa43e33b588ec10420183"},
    {file = "pandas-2.0.3-cp310-cp310-manylinux_2_17_x86_64.manylinux2014_x86_64.whl", hash = "sha256:ba619e410a21d8c387a1ea6e8a0e49bb42216474436245718d7f2e88a2f8d7c0"},
    {file = "pandas-2.0.3-cp310-cp310-win32.whl", hash = "sha256:3ef285093b4fe5058eefd756100a367f27029913760773c8bf1d2d8bebe5d210"},
    {file = "pandas-2.0.3-cp310-cp310-win_amd64.whl", hash = "sha256:9ee1a69328d5c36c98d8e74db06f4ad518a1840e8ccb94a4ba86920986bb617e"},
    {file = "pandas-2.0.3-cp311-cp311-macosx_10_9_x86_64.whl", hash = "sha256:b084b91d8d66ab19f5bb3256cbd5ea661848338301940e17f4492b2ce0801fe8"},
    {file = "pandas-2.0.3-cp311-cp311-macosx_11_0_arm64.whl", hash = "sha256:37673e3bdf1551b95bf5d4ce372b37770f9529743d2498032439371fc7b7eb26"},
    {file = "pandas-2.0.3-cp311-cp311-manylinux_2_17_aarch64.manylinux2014_aarch64.whl", hash = "sha256:b9cb1e14fdb546396b7e1b923ffaeeac24e4cedd14266c3497216dd4448e4f2d"},
    {file = "pandas-2.0.3-cp311-cp311-manylinux_2_17_x86_64.manylinux2014_x86_64.whl", hash = "sha256:d9cd88488cceb7635aebb84809d087468eb33551097d600c6dad13602029c2df"},
    {file = "pandas-2.0.3-cp311-cp311-win32.whl", hash = "sha256:694888a81198786f0e164ee3a581df7d505024fbb1f15202fc7db88a71d84ebd"},
    {file = "pandas-2.0.3-cp311-cp311-win_amd64.whl", hash = "sha256:6a21ab5c89dcbd57f78d0ae16630b090eec626360085a4148693def5452d8a6b"},
    {file = "pandas-2.0.3-cp38-cp38-macosx_10_9_x86_64.whl", hash = "sha256:9e4da0d45e7f34c069fe4d522359df7d23badf83abc1d1cef398895822d11061"},
    {file = "pandas-2.0.3-cp38-cp38-macosx_11_0_arm64.whl", hash = "sha256:32fca2ee1b0d93dd71d979726b12b61faa06aeb93cf77468776287f41ff8fdc5"},
    {file = "pandas-2.0.3-cp38-cp38-manylinux_2_17_aarch64.manylinux2014_aarch64.whl", hash = "sha256:258d3624b3ae734490e4d63c430256e716f488c4fcb7c8e9bde2d3aa46c29089"},
    {file = "pandas-2.0.3-cp38-cp38-manylinux_2_17_x86_64.manylinux2014_x86_64.whl", hash = "sha256:9eae3dc34fa1aa7772dd3fc60270d13ced7346fcbcfee017d3132ec625e23bb0"},
    {file = "pandas-2.0.3-cp38-cp38-win32.whl", hash = "sha256:f3421a7afb1a43f7e38e82e844e2bca9a6d793d66c1a7f9f0ff39a795bbc5e02"},
    {file = "pandas-2.0.3-cp38-cp38-win_amd64.whl", hash = "sha256:69d7f3884c95da3a31ef82b7618af5710dba95bb885ffab339aad925c3e8ce78"},
    {file = "pandas-2.0.3-cp39-cp39-macosx_10_9_x86_64.whl", hash = "sha256:5247fb1ba347c1261cbbf0fcfba4a3121fbb4029d95d9ef4dc45406620b25c8b"},
    {file = "pandas-2.0.3-cp39-cp39-macosx_11_0_arm64.whl", hash = "sha256:81af086f4543c9d8bb128328b5d32e9986e0c84d3ee673a2ac6fb57fd14f755e"},
    {file = "pandas-2.0.3-cp39-cp39-manylinux_2_17_aarch64.manylinux2014_aarch64.whl", hash = "sha256:1994c789bf12a7c5098277fb43836ce090f1073858c10f9220998ac74f37c69b"},
    {file = "pandas-2.0.3-cp39-cp39-manylinux_2_17_x86_64.manylinux2014_x86_64.whl", hash = "sha256:5ec591c48e29226bcbb316e0c1e9423622bc7a4eaf1ef7c3c9fa1a3981f89641"},
    {file = "pandas-2.0.3-cp39-cp39-win32.whl", hash = "sha256:04dbdbaf2e4d46ca8da896e1805bc04eb85caa9a82e259e8eed00254d5e0c682"},
    {file = "pandas-2.0.3-cp39-cp39-win_amd64.whl", hash = "sha256:1168574b036cd8b93abc746171c9b4f1b83467438a5e45909fed645cf8692dbc"},
    {file = "pandas-2.0.3.tar.gz", hash = "sha256:c02f372a88e0d17f36d3093a644c73cfc1788e876a7c4bcb4020a77512e2043c"},
]

[package.dependencies]
numpy = [
    {version = ">=1.21.0", markers = "python_version >= \"3.10\""},
    {version = ">=1.23.2", markers = "python_version >= \"3.11\""},
]
python-dateutil = ">=2.8.2"
pytz = ">=2020.1"
tzdata = ">=2022.1"

[package.extras]
all = ["PyQt5 (>=5.15.1)", "SQLAlchemy (>=1.4.16)", "beautifulsoup4 (>=4.9.3)", "bottleneck (>=1.3.2)", "brotlipy (>=0.7.0)", "fastparquet (>=0.6.3)", "fsspec (>=2021.07.0)", "gcsfs (>=2021.07.0)", "html5lib (>=1.1)", "hypothesis (>=6.34.2)", "jinja2 (>=3.0.0)", "lxml (>=4.6.3)", "matplotlib (>=3.6.1)", "numba (>=0.53.1)", "numexpr (>=2.7.3)", "odfpy (>=1.4.1)", "openpyxl (>=3.0.7)", "pandas-gbq (>=0.15.0)", "psycopg2 (>=2.8.6)", "pyarrow (>=7.0.0)", "pymysql (>=1.0.2)", "pyreadstat (>=1.1.2)", "pytest (>=7.3.2)", "pytest-asyncio (>=0.17.0)", "pytest-xdist (>=2.2.0)", "python-snappy (>=0.6.0)", "pyxlsb (>=1.0.8)", "qtpy (>=2.2.0)", "s3fs (>=2021.08.0)", "scipy (>=1.7.1)", "tables (>=3.6.1)", "tabulate (>=0.8.9)", "xarray (>=0.21.0)", "xlrd (>=2.0.1)", "xlsxwriter (>=1.4.3)", "zstandard (>=0.15.2)"]
aws = ["s3fs (>=2021.08.0)"]
clipboard = ["PyQt5 (>=5.15.1)", "qtpy (>=2.2.0)"]
compression = ["brotlipy (>=0.7.0)", "python-snappy (>=0.6.0)", "zstandard (>=0.15.2)"]
computation = ["scipy (>=1.7.1)", "xarray (>=0.21.0)"]
excel = ["odfpy (>=1.4.1)", "openpyxl (>=3.0.7)", "pyxlsb (>=1.0.8)", "xlrd (>=2.0.1)", "xlsxwriter (>=1.4.3)"]
feather = ["pyarrow (>=7.0.0)"]
fss = ["fsspec (>=2021.07.0)"]
gcp = ["gcsfs (>=2021.07.0)", "pandas-gbq (>=0.15.0)"]
hdf5 = ["tables (>=3.6.1)"]
html = ["beautifulsoup4 (>=4.9.3)", "html5lib (>=1.1)", "lxml (>=4.6.3)"]
mysql = ["SQLAlchemy (>=1.4.16)", "pymysql (>=1.0.2)"]
output-formatting = ["jinja2 (>=3.0.0)", "tabulate (>=0.8.9)"]
parquet = ["pyarrow (>=7.0.0)"]
performance = ["bottleneck (>=1.3.2)", "numba (>=0.53.1)", "numexpr (>=2.7.1)"]
plot = ["matplotlib (>=3.6.1)"]
postgresql = ["SQLAlchemy (>=1.4.16)", "psycopg2 (>=2.8.6)"]
spss = ["pyreadstat (>=1.1.2)"]
sql-other = ["SQLAlchemy (>=1.4.16)"]
test = ["hypothesis (>=6.34.2)", "pytest (>=7.3.2)", "pytest-asyncio (>=0.17.0)", "pytest-xdist (>=2.2.0)"]
xml = ["lxml (>=4.6.3)"]

[[package]]
name = "python-dateutil"
version = "2.8.2"
description = "Extensions to the standard Python datetime module"
optional = false
python-versions = "!=3.0.*,!=3.1.*,!=3.2.*,>=2.7"
files = [
    {file = "python-dateutil-2.8.2.tar.gz", hash = "sha256:0123cacc1627ae19ddf3c27a5de5bd67ee4586fbdd6440d9748f8abb483d3e86"},
    {file = "python_dateutil-2.8.2-py2.py3-none-any.whl", hash = "sha256:961d03dc3453ebbc59dbdea9e4e11c5651520a876d0f4db161e8674aae935da9"},
]

[package.dependencies]
six = ">=1.5"

[[package]]
name = "pytz"
version = "2023.3"
description = "World timezone definitions, modern and historical"
optional = false
python-versions = "*"
files = [
    {file = "pytz-2023.3-py2.py3-none-any.whl", hash = "sha256:a151b3abb88eda1d4e34a9814df37de2a80e301e68ba0fd856fb9b46bfbbbffb"},
    {file = "pytz-2023.3.tar.gz", hash = "sha256:1d8ce29db189191fb55338ee6d0387d82ab59f3d00eac103412d64e0ebd0c588"},
]

[[package]]
name = "s3transfer"
version = "0.6.1"
description = "An Amazon S3 Transfer Manager"
optional = false
python-versions = ">= 3.7"
files = [
    {file = "s3transfer-0.6.1-py3-none-any.whl", hash = "sha256:3c0da2d074bf35d6870ef157158641178a4204a6e689e82546083e31e0311346"},
    {file = "s3transfer-0.6.1.tar.gz", hash = "sha256:640bb492711f4c0c0905e1f62b6aaeb771881935ad27884852411f8e9cacbca9"},
]

[package.dependencies]
botocore = ">=1.12.36,<2.0a.0"

[package.extras]
crt = ["botocore[crt] (>=1.20.29,<2.0a.0)"]

[[package]]
name = "six"
version = "1.16.0"
description = "Python 2 and 3 compatibility utilities"
optional = false
python-versions = ">=2.7, !=3.0.*, !=3.1.*, !=3.2.*"
files = [
    {file = "six-1.16.0-py2.py3-none-any.whl", hash = "sha256:8abb2f1d86890a2dfb989f9a77cfcfd3e47c2a354b01111771326f8aa26e0254"},
    {file = "six-1.16.0.tar.gz", hash = "sha256:1e61c37477a1626458e36f7b1d82aa5c9b094fa4802892072e49de9c60c4c926"},
]

[[package]]
name = "tzdata"
version = "2023.3"
description = "Provider of IANA time zone data"
optional = false
python-versions = ">=2"
files = [
    {file = "tzdata-2023.3-py2.py3-none-any.whl", hash = "sha256:7e65763eef3120314099b6939b5546db7adce1e7d6f2e179e3df563c70511eda"},
    {file = "tzdata-2023.3.tar.gz", hash = "sha256:11ef1e08e54acb0d4f95bdb1be05da659673de4acbd21bf9c69e94cc5e907a3a"},
]

[[package]]
name = "urllib3"
version = "1.26.16"
description = "HTTP library with thread-safe connection pooling, file post, and more."
optional = false
python-versions = ">=2.7, !=3.0.*, !=3.1.*, !=3.2.*, !=3.3.*, !=3.4.*, !=3.5.*"
files = [
    {file = "urllib3-1.26.16-py2.py3-none-any.whl", hash = "sha256:8d36afa7616d8ab714608411b4a3b13e58f463aee519024578e062e141dce20f"},
    {file = "urllib3-1.26.16.tar.gz", hash = "sha256:8f135f6502756bde6b2a9b28989df5fbe87c9970cecaa69041edcce7f0589b14"},
]

[package.extras]
brotli = ["brotli (>=1.0.9)", "brotlicffi (>=0.8.0)", "brotlipy (>=0.6.0)"]
secure = ["certifi", "cryptography (>=1.3.4)", "idna (>=2.0.0)", "ipaddress", "pyOpenSSL (>=0.14)", "urllib3-secure-extra"]
socks = ["PySocks (>=1.5.6,!=1.5.7,<2.0)"]

[metadata]
lock-version = "2.0"
python-versions = "^3.10"
content-hash = "005815000ec03c14bc6e4d109239dca575a37a22d5ddcca1193bbf88d754f3a4"
