{
  "name": "kindle-clippings-to-json",
  "version": "1.0.0",
  "lockfileVersion": 2,
  "requires": true,
  "packages": {
    "": {
      "name": "kindle-clippings-to-json",
      "version": "1.0.0",
      "license": "MIT",
      "dependencies": {
        "mailparser": "^2.3.2"
      }
    },
    "node_modules/core-util-is": {
      "version": "1.0.2",
      "resolved": "https://registry.npmjs.org/core-util-is/-/core-util-is-1.0.2.tgz",
      "integrity": "sha512-3lqz5YjWTYnW6dlDa5TLaTCcShfar1e40rmcJVwCBJC6mWlFuj0eCHIElmG1g5kyuJ/GD+8Wn4FFCcz4gJPfaQ=="
    },
    "node_modules/dom-serializer": {
      "version": "0.1.0",
      "resolved": "https://registry.npmjs.org/dom-serializer/-/dom-serializer-0.1.0.tgz",
      "integrity": "sha512-Fql7PX6CmQNVmoLfp7DlmvFMIL5cwLbm302SycA2iAMr95t1ITX4ilIsUG75rYtMiVLb4EMC5b2o7ApEpIXROg==",
      "dependencies": {
        "domelementtype": "~1.1.1",
        "entities": "~1.1.1"
      }
    },
    "node_modules/dom-serializer/node_modules/domelementtype": {
      "version": "1.1.3",
      "resolved": "https://registry.npmjs.org/domelementtype/-/domelementtype-1.1.3.tgz",
      "integrity": "sha512-zEvAAsFY0DeHkrqWBRkSsmgaE7yADgpez40JUFjISb+uzSinl2F6QbG4lMEBE4P06gCGF6VnsykmbNgu7ZIHzA=="
    },
    "node_modules/domelementtype": {
      "version": "1.3.0",
      "resolved": "https://registry.npmjs.org/domelementtype/-/domelementtype-1.3.0.tgz",
      "integrity": "sha512-hhqPxYi0xK5i9fBMHEgWFxicJy62e5nxy0NdnjGE+DqovMcUsUbIPSkBzZ2O6PwYuwNGTf7bh/DMKmMdATSsTg==",
      "deprecated": "update to domelementtype@1.3.1"
    },
    "node_modules/domhandler": {
      "version": "2.4.1",
      "resolved": "https://registry.npmjs.org/domhandler/-/domhandler-2.4.1.tgz",
      "integrity": "sha512-j/nPtjIvPTcloeLUJ3FXpck1Ey6jZEyXx2Xni9GiHrBl56cYnSqOGMNzmzspo+U7+m4zncrzs3a42IYSvOig0A==",
      "dependencies": {
        "domelementtype": "1"
      }
    },
    "node_modules/domutils": {
      "version": "1.6.2",
      "resolved": "https://registry.npmjs.org/domutils/-/domutils-1.6.2.tgz",
      "integrity": "sha512-XjD7wlrG7XCt5cQIPKYVD+m7XNbUvT27P0dQygjjRrw1z9gma/aMI2PfSh2KGkppCGGDgTSVe4GXQducWgeufA==",
      "dependencies": {
        "dom-serializer": "0",
        "domelementtype": "1"
      }
    },
    "node_modules/entities": {
      "version": "1.1.1",
      "resolved": "https://registry.npmjs.org/entities/-/entities-1.1.1.tgz",
      "integrity": "sha512-bWStsIg5+vWzgtKoA/pkAIJzRAeUatnImqcK4CyHd2KoNq3fCg/tHDoE/7e81yRq9Xg8XUSvAcsSaMCp4a3HuQ=="
    },
    "node_modules/he": {
      "version": "1.1.1",
      "resolved": "https://registry.npmjs.org/he/-/he-1.1.1.tgz",
      "integrity": "sha512-z/GDPjlRMNOa2XJiB4em8wJpuuBfrFOlYKTZxtpkdr1uPdibHI8rYA3MY0KDObpVyaes0e/aunid/t88ZI2EKA==",
      "bin": {
        "he": "bin/he"
      }
    },
    "node_modules/html-to-text": {
      "version": "4.0.0",
      "resolved": "https://registry.npmjs.org/html-to-text/-/html-to-text-4.0.0.tgz",
      "integrity": "sha512-QQl5EEd97h6+3crtgBhkEAO6sQnZyDff8DAeJzoSkOc1Dqe1UvTUZER0B+KjBe6fPZqq549l2VUhtracus3ndA==",
      "dependencies": {
        "he": "^1.0.0",
        "htmlparser2": "^3.9.2",
        "lodash": "^4.17.4",
        "optimist": "^0.6.1"
      },
      "bin": {
        "html-to-text": "bin/cli.js"
      },
      "engines": {
        "node": ">= 4.0.0"
      }
    },
    "node_modules/htmlparser2": {
      "version": "3.9.2",
      "resolved": "https://registry.npmjs.org/htmlparser2/-/htmlparser2-3.9.2.tgz",
      "integrity": "sha512-RSOwLNCnCLDRB9XpSfCzsLzzX8COezhJ3D4kRBNWh0NC/facp1hAMmM8zD7kC01My8vD6lGEbPMlbRW/EwGK5w==",
      "dependencies": {
        "domelementtype": "^1.3.0",
        "domhandler": "^2.3.0",
        "domutils": "^1.5.1",
        "entities": "^1.1.1",
        "inherits": "^2.0.1",
        "readable-stream": "^2.0.2"
      }
    },
    "node_modules/iconv-lite": {
      "version": "0.4.23",
      "resolved": "https://registry.npmjs.org/iconv-lite/-/iconv-lite-0.4.23.tgz",
      "integrity": "sha512-neyTUVFtahjf0mB3dZT77u+8O0QB89jFdnBkd5P1JgYPbPaia3gXXOVL2fq8VyU2gMMD7SaN7QukTB/pmXYvDA==",
      "dependencies": {
        "safer-buffer": ">= 2.1.2 < 3"
      },
      "engines": {
        "node": ">=0.10.0"
      }
    },
    "node_modules/inherits": {
      "version": "2.0.3",
      "resolved": "https://registry.npmjs.org/inherits/-/inherits-2.0.3.tgz",
      "integrity": "sha512-x00IRNXNy63jwGkJmzPigoySHbaqpNuzKbBOmzK+g2OdZpQ9w+sxCN+VSB3ja7IAge2OP2qpfxTjeNcyjmW1uw=="
    },
    "node_modules/isarray": {
      "version": "1.0.0",
      "resolved": "https://registry.npmjs.org/isarray/-/isarray-1.0.0.tgz",
      "integrity": "sha512-VLghIWNM6ELQzo7zwmcg0NmTVyWKYjvIeM83yjp0wRDTmUnrM678fQbcKBo6n2CJEF0szoG//ytg+TKla89ALQ=="
    },
    "node_modules/libbase64": {
      "version": "1.0.3",
      "resolved": "https://registry.npmjs.org/libbase64/-/libbase64-1.0.3.tgz",
      "integrity": "sha512-ULQZAATVGTAgVNwP61R+MbbSGNBy1tVzWupB9kbE6p+VccWd+J+ICXgOwQic5Yqagzpu+oPZ8sI7yXdWJnPPkA=="
    },
    "node_modules/libmime": {
      "version": "4.0.1",
      "resolved": "https://registry.npmjs.org/libmime/-/libmime-4.0.1.tgz",
      "integrity": "sha512-mGgJLRkpkMxZZYE7ncVXokgKfi5ePrIB1H3W/Bv3GbkVnFydIHTsPrfAVW0edxalQHmFfqDMU9W45PidCLG6DA==",
      "dependencies": {
        "iconv-lite": "0.4.23",
        "libbase64": "1.0.3",
        "libqp": "1.1.0"
      }
    },
    "node_modules/libqp": {
      "version": "1.1.0",
      "resolved": "https://registry.npmjs.org/libqp/-/libqp-1.1.0.tgz",
      "integrity": "sha512-4Rgfa0hZpG++t1Vi2IiqXG9Ad1ig4QTmtuZF946QJP4bPqOYC78ixUXgz5TW/wE7lNaNKlplSYTxQ+fR2KZ0EA=="
    },
    "node_modules/linkify-it": {
      "version": "2.0.3",
      "resolved": "https://registry.npmjs.org/linkify-it/-/linkify-it-2.0.3.tgz",
      "integrity": "sha512-eMNKghlRbOz74oeCO61NHixBXtKifyBAxs3YQRLthhViT8T/9reBq00NIWYEC1CdwQmn/xShUl8JqgWFYxo6gw==",
      "dependencies": {
        "uc.micro": "^1.0.1"
      }
    },
    "node_modules/lodash": {
      "version": "4.17.21",
      "resolved": "https://registry.npmjs.org/lodash/-/lodash-4.17.21.tgz",
      "integrity": "sha512-v2kDEe57lecTulaDIuNTPy3Ry4gLGJ6Z1O3vE1krgXZNrsQ+LFTGHVxVjcXPs17LhbZVGedAJv8XZ1tvj5FvSg=="
    },
    "node_modules/mailparser": {
      "version": "2.3.2",
      "resolved": "https://registry.npmjs.org/mailparser/-/mailparser-2.3.2.tgz",
      "integrity": "sha512-h+sc7/WxY3odH2ksfsulT+k0EG7G4xeu/+eRYFdKWRHCfJveiCsDp614K612IHwhK1udw86a4NPtiyO/lUPnHQ==",
      "dependencies": {
        "he": "1.1.1",
        "html-to-text": "4.0.0",
        "iconv-lite": "0.4.23",
        "libmime": "4.0.1",
        "linkify-it": "2.0.3",
        "mailsplit": "4.2.3",
        "nodemailer": "4.6.7",
        "tlds": "1.203.1"
      },
      "engines": {
        "node": ">=6.0.0"
      }
    },
    "node_modules/mailsplit": {
      "version": "4.2.3",
      "resolved": "https://registry.npmjs.org/mailsplit/-/mailsplit-4.2.3.tgz",
      "integrity": "sha512-CUkG/oPxkEvxnabenVglfwsx5nB7lwNaL0i4kI00h870sQW8BJWamkqUqkPpDBDQYb38Y0OFmt9BIG/UWoEtxQ==",
      "dependencies": {
        "libbase64": "1.0.3",
        "libmime": "4.0.1",
        "libqp": "1.1.0"
      }
    },
    "node_modules/minimist": {
      "version": "0.0.10",
      "resolved": "https://registry.npmjs.org/minimist/-/minimist-0.0.10.tgz",
      "integrity": "sha512-iotkTvxc+TwOm5Ieim8VnSNvCDjCK9S8G3scJ50ZthspSxa7jx50jkhYduuAtAjvfDUwSgOwf8+If99AlOEhyw=="
    },
    "node_modules/nodemailer": {
      "version": "4.6.7",
      "resolved": "https://registry.npmjs.org/nodemailer/-/nodemailer-4.6.7.tgz",
      "integrity": "sha512-GIAAYvs9XIP1fBa8wR89ukUh3yjL44pom5LKY5nTZcL+Zp9sRkqL8wgskyBQECQg9CPsDX/fjTZx8MNz20t0jA==",
      "engines": {
        "node": ">=6.0.0"
      }
    },
    "node_modules/optimist": {
      "version": "0.6.1",
      "resolved": "https://registry.npmjs.org/optimist/-/optimist-0.6.1.tgz",
      "integrity": "sha512-snN4O4TkigujZphWLN0E//nQmm7790RYaE53DdL7ZYwee2D8DDo9/EyYiKUfN3rneWUjhJnueija3G9I2i0h3g==",
      "dependencies": {
        "minimist": "~0.0.1",
        "wordwrap": "~0.0.2"
      }
    },
    "node_modules/process-nextick-args": {
      "version": "1.0.7",
      "resolved": "https://registry.npmjs.org/process-nextick-args/-/process-nextick-args-1.0.7.tgz",
      "integrity": "sha512-yN0WQmuCX63LP/TMvAg31nvT6m4vDqJEiiv2CAZqWOGNWutc9DfDk1NPYYmKUFmaVM2UwDowH4u5AHWYP/jxKw=="
    },
    "node_modules/readable-stream": {
      "version": "2.3.3",
      "resolved": "https://registry.npmjs.org/readable-stream/-/readable-stream-2.3.3.tgz",
      "integrity": "sha512-m+qzzcn7KUxEmd1gMbchF+Y2eIUbieUaxkWtptyHywrX0rE8QEYqPC07Vuy4Wm32/xE16NcdBctb8S0Xe/5IeQ==",
      "dependencies": {
        "core-util-is": "~1.0.0",
        "inherits": "~2.0.3",
        "isarray": "~1.0.0",
        "process-nextick-args": "~1.0.6",
        "safe-buffer": "~5.1.1",
        "string_decoder": "~1.0.3",
        "util-deprecate": "~1.0.1"
      }
    },
    "node_modules/safe-buffer": {
      "version": "5.1.1",
      "resolved": "https://registry.npmjs.org/safe-buffer/-/safe-buffer-5.1.1.tgz",
      "integrity": "sha512-kKvNJn6Mm93gAczWVJg7wH+wGYWNrDHdWvpUmHyEsgCtIwwo3bqPtV4tR5tuPaUhTOo/kvhVwd8XwwOllGYkbg=="
    },
    "node_modules/safer-buffer": {
      "version": "2.1.2",
      "resolved": "https://registry.npmjs.org/safer-buffer/-/safer-buffer-2.1.2.tgz",
      "integrity": "sha512-YZo3K82SD7Riyi0E1EQPojLz7kpepnSQI9IyPbHHg1XXXevb5dJI7tpyN2ADxGcQbHG7vcyRHk0cbwqcQriUtg=="
    },
    "node_modules/string_decoder": {
      "version": "1.0.3",
      "resolved": "https://registry.npmjs.org/string_decoder/-/string_decoder-1.0.3.tgz",
      "integrity": "sha512-4AH6Z5fzNNBcH+6XDMfA/BTt87skxqJlO0lAh3Dker5zThcAxG6mKz+iGu308UKoPPQ8Dcqx/4JhujzltRa+hQ==",
      "dependencies": {
        "safe-buffer": "~5.1.0"
      }
    },
    "node_modules/tlds": {
      "version": "1.203.1",
      "resolved": "https://registry.npmjs.org/tlds/-/tlds-1.203.1.tgz",
      "integrity": "sha512-7MUlYyGJ6rSitEZ3r1Q1QNV8uSIzapS8SmmhSusBuIc7uIxPPwsKllEP0GRp1NS6Ik6F+fRZvnjDWm3ecv2hDw==",
      "bin": {
        "tlds": "bin.js"
      }
    },
    "node_modules/uc.micro": {
      "version": "1.0.3",
      "resolved": "https://registry.npmjs.org/uc.micro/-/uc.micro-1.0.3.tgz",
      "integrity": "sha512-DCP9Fsna9pwKbAvb/1gsheFkVhaY/kTz4Zah7nZlptV8tZk00AQOI1+xFj0bVMk3xS4hKPbqPhtGa4PeUjLQpg=="
    },
    "node_modules/util-deprecate": {
      "version": "1.0.2",
      "resolved": "https://registry.npmjs.org/util-deprecate/-/util-deprecate-1.0.2.tgz",
      "integrity": "sha512-EPD5q1uXyFxJpCrLnCc1nHnq3gOa6DZBocAIiI2TaSCA7VCJ1UJDMagCzIkXNsUYfD1daK//LTEQ8xiIbrHtcw=="
    },
    "node_modules/wordwrap": {
      "version": "0.0.3",
      "resolved": "https://registry.npmjs.org/wordwrap/-/wordwrap-0.0.3.tgz",
      "integrity": "sha512-1tMA907+V4QmxV7dbRvb4/8MaRALK6q9Abid3ndMYnbyo8piisCmeONVqVSXqQA3KaP4SLt5b7ud6E2sqP8TFw==",
      "engines": {
        "node": ">=0.4.0"
      }
    }
  },
  "dependencies": {
    "core-util-is": {
      "version": "1.0.2",
      "resolved": "https://registry.npmjs.org/core-util-is/-/core-util-is-1.0.2.tgz",
      "integrity": "sha512-3lqz5YjWTYnW6dlDa5TLaTCcShfar1e40rmcJVwCBJC6mWlFuj0eCHIElmG1g5kyuJ/GD+8Wn4FFCcz4gJPfaQ=="
    },
    "dom-serializer": {
      "version": "0.1.0",
      "resolved": "https://registry.npmjs.org/dom-serializer/-/dom-serializer-0.1.0.tgz",
      "integrity": "sha512-Fql7PX6CmQNVmoLfp7DlmvFMIL5cwLbm302SycA2iAMr95t1ITX4ilIsUG75rYtMiVLb4EMC5b2o7ApEpIXROg==",
      "requires": {
        "domelementtype": "~1.1.1",
        "entities": "~1.1.1"
      },
      "dependencies": {
        "domelementtype": {
          "version": "1.1.3",
          "resolved": "https://registry.npmjs.org/domelementtype/-/domelementtype-1.1.3.tgz",
          "integrity": "sha512-zEvAAsFY0DeHkrqWBRkSsmgaE7yADgpez40JUFjISb+uzSinl2F6QbG4lMEBE4P06gCGF6VnsykmbNgu7ZIHzA=="
        }
      }
    },
    "domelementtype": {
      "version": "1.3.0",
      "resolved": "https://registry.npmjs.org/domelementtype/-/domelementtype-1.3.0.tgz",
      "integrity": "sha512-hhqPxYi0xK5i9fBMHEgWFxicJy62e5nxy0NdnjGE+DqovMcUsUbIPSkBzZ2O6PwYuwNGTf7bh/DMKmMdATSsTg=="
    },
    "domhandler": {
      "version": "2.4.1",
      "resolved": "https://registry.npmjs.org/domhandler/-/domhandler-2.4.1.tgz",
      "integrity": "sha512-j/nPtjIvPTcloeLUJ3FXpck1Ey6jZEyXx2Xni9GiHrBl56cYnSqOGMNzmzspo+U7+m4zncrzs3a42IYSvOig0A==",
      "requires": {
        "domelementtype": "1"
      }
    },
    "domutils": {
      "version": "1.6.2",
      "resolved": "https://registry.npmjs.org/domutils/-/domutils-1.6.2.tgz",
      "integrity": "sha512-XjD7wlrG7XCt5cQIPKYVD+m7XNbUvT27P0dQygjjRrw1z9gma/aMI2PfSh2KGkppCGGDgTSVe4GXQducWgeufA==",
      "requires": {
        "dom-serializer": "0",
        "domelementtype": "1"
      }
    },
    "entities": {
      "version": "1.1.1",
      "resolved": "https://registry.npmjs.org/entities/-/entities-1.1.1.tgz",
      "integrity": "sha512-bWStsIg5+vWzgtKoA/pkAIJzRAeUatnImqcK4CyHd2KoNq3fCg/tHDoE/7e81yRq9Xg8XUSvAcsSaMCp4a3HuQ=="
    },
    "he": {
      "version": "1.1.1",
      "resolved": "https://registry.npmjs.org/he/-/he-1.1.1.tgz",
      "integrity": "sha512-z/GDPjlRMNOa2XJiB4em8wJpuuBfrFOlYKTZxtpkdr1uPdibHI8rYA3MY0KDObpVyaes0e/aunid/t88ZI2EKA=="
    },
    "html-to-text": {
      "version": "4.0.0",
      "resolved": "https://registry.npmjs.org/html-to-text/-/html-to-text-4.0.0.tgz",
      "integrity": "sha512-QQl5EEd97h6+3crtgBhkEAO6sQnZyDff8DAeJzoSkOc1Dqe1UvTUZER0B+KjBe6fPZqq549l2VUhtracus3ndA==",
      "requires": {
        "he": "^1.0.0",
        "htmlparser2": "^3.9.2",
        "lodash": "^4.17.4",
        "optimist": "^0.6.1"
      }
    },
    "htmlparser2": {
      "version": "3.9.2",
      "resolved": "https://registry.npmjs.org/htmlparser2/-/htmlparser2-3.9.2.tgz",
      "integrity": "sha512-RSOwLNCnCLDRB9XpSfCzsLzzX8COezhJ3D4kRBNWh0NC/facp1hAMmM8zD7kC01My8vD6lGEbPMlbRW/EwGK5w==",
      "requires": {
        "domelementtype": "^1.3.0",
        "domhandler": "^2.3.0",
        "domutils": "^1.5.1",
        "entities": "^1.1.1",
        "inherits": "^2.0.1",
        "readable-stream": "^2.0.2"
      }
    },
    "iconv-lite": {
      "version": "0.4.23",
      "resolved": "https://registry.npmjs.org/iconv-lite/-/iconv-lite-0.4.23.tgz",
      "integrity": "sha512-neyTUVFtahjf0mB3dZT77u+8O0QB89jFdnBkd5P1JgYPbPaia3gXXOVL2fq8VyU2gMMD7SaN7QukTB/pmXYvDA==",
      "requires": {
        "safer-buffer": ">= 2.1.2 < 3"
      }
    },
    "inherits": {
      "version": "2.0.3",
      "resolved": "https://registry.npmjs.org/inherits/-/inherits-2.0.3.tgz",
      "integrity": "sha512-x00IRNXNy63jwGkJmzPigoySHbaqpNuzKbBOmzK+g2OdZpQ9w+sxCN+VSB3ja7IAge2OP2qpfxTjeNcyjmW1uw=="
    },
    "isarray": {
      "version": "1.0.0",
      "resolved": "https://registry.npmjs.org/isarray/-/isarray-1.0.0.tgz",
      "integrity": "sha512-VLghIWNM6ELQzo7zwmcg0NmTVyWKYjvIeM83yjp0wRDTmUnrM678fQbcKBo6n2CJEF0szoG//ytg+TKla89ALQ=="
    },
    "libbase64": {
      "version": "1.0.3",
      "resolved": "https://registry.npmjs.org/libbase64/-/libbase64-1.0.3.tgz",
      "integrity": "sha512-ULQZAATVGTAgVNwP61R+MbbSGNBy1tVzWupB9kbE6p+VccWd+J+ICXgOwQic5Yqagzpu+oPZ8sI7yXdWJnPPkA=="
    },
    "libmime": {
      "version": "4.0.1",
      "resolved": "https://registry.npmjs.org/libmime/-/libmime-4.0.1.tgz",
      "integrity": "sha512-mGgJLRkpkMxZZYE7ncVXokgKfi5ePrIB1H3W/Bv3GbkVnFydIHTsPrfAVW0edxalQHmFfqDMU9W45PidCLG6DA==",
      "requires": {
        "iconv-lite": "0.4.23",
        "libbase64": "1.0.3",
        "libqp": "1.1.0"
      }
    },
    "libqp": {
      "version": "1.1.0",
      "resolved": "https://registry.npmjs.org/libqp/-/libqp-1.1.0.tgz",
      "integrity": "sha512-4Rgfa0hZpG++t1Vi2IiqXG9Ad1ig4QTmtuZF946QJP4bPqOYC78ixUXgz5TW/wE7lNaNKlplSYTxQ+fR2KZ0EA=="
    },
    "linkify-it": {
      "version": "2.0.3",
      "resolved": "https://registry.npmjs.org/linkify-it/-/linkify-it-2.0.3.tgz",
      "integrity": "sha512-eMNKghlRbOz74oeCO61NHixBXtKifyBAxs3YQRLthhViT8T/9reBq00NIWYEC1CdwQmn/xShUl8JqgWFYxo6gw==",
      "requires": {
        "uc.micro": "^1.0.1"
      }
    },
    "lodash": {
      "version": "4.17.21",
      "resolved": "https://registry.npmjs.org/lodash/-/lodash-4.17.21.tgz",
      "integrity": "sha512-v2kDEe57lecTulaDIuNTPy3Ry4gLGJ6Z1O3vE1krgXZNrsQ+LFTGHVxVjcXPs17LhbZVGedAJv8XZ1tvj5FvSg=="
    },
    "mailparser": {
      "version": "2.3.2",
      "resolved": "https://registry.npmjs.org/mailparser/-/mailparser-2.3.2.tgz",
      "integrity": "sha512-h+sc7/WxY3odH2ksfsulT+k0EG7G4xeu/+eRYFdKWRHCfJveiCsDp614K612IHwhK1udw86a4NPtiyO/lUPnHQ==",
      "requires": {
        "he": "1.1.1",
        "html-to-text": "4.0.0",
        "iconv-lite": "0.4.23",
        "libmime": "4.0.1",
        "linkify-it": "2.0.3",
        "mailsplit": "4.2.3",
        "nodemailer": "4.6.7",
        "tlds": "1.203.1"
      }
    },
    "mailsplit": {
      "version": "4.2.3",
      "resolved": "https://registry.npmjs.org/mailsplit/-/mailsplit-4.2.3.tgz",
      "integrity": "sha512-CUkG/oPxkEvxnabenVglfwsx5nB7lwNaL0i4kI00h870sQW8BJWamkqUqkPpDBDQYb38Y0OFmt9BIG/UWoEtxQ==",
      "requires": {
        "libbase64": "1.0.3",
        "libmime": "4.0.1",
        "libqp": "1.1.0"
      }
    },
    "minimist": {
      "version": "0.0.10",
      "resolved": "https://registry.npmjs.org/minimist/-/minimist-0.0.10.tgz",
      "integrity": "sha512-iotkTvxc+TwOm5Ieim8VnSNvCDjCK9S8G3scJ50ZthspSxa7jx50jkhYduuAtAjvfDUwSgOwf8+If99AlOEhyw=="
    },
    "nodemailer": {
      "version": "4.6.7",
      "resolved": "https://registry.npmjs.org/nodemailer/-/nodemailer-4.6.7.tgz",
      "integrity": "sha512-GIAAYvs9XIP1fBa8wR89ukUh3yjL44pom5LKY5nTZcL+Zp9sRkqL8wgskyBQECQg9CPsDX/fjTZx8MNz20t0jA=="
    },
    "optimist": {
      "version": "0.6.1",
      "resolved": "https://registry.npmjs.org/optimist/-/optimist-0.6.1.tgz",
      "integrity": "sha512-snN4O4TkigujZphWLN0E//nQmm7790RYaE53DdL7ZYwee2D8DDo9/EyYiKUfN3rneWUjhJnueija3G9I2i0h3g==",
      "requires": {
        "minimist": "~0.0.1",
        "wordwrap": "~0.0.2"
      }
    },
    "process-nextick-args": {
      "version": "1.0.7",
      "resolved": "https://registry.npmjs.org/process-nextick-args/-/process-nextick-args-1.0.7.tgz",
      "integrity": "sha512-yN0WQmuCX63LP/TMvAg31nvT6m4vDqJEiiv2CAZqWOGNWutc9DfDk1NPYYmKUFmaVM2UwDowH4u5AHWYP/jxKw=="
    },
    "readable-stream": {
      "version": "2.3.3",
      "resolved": "https://registry.npmjs.org/readable-stream/-/readable-stream-2.3.3.tgz",
      "integrity": "sha512-m+qzzcn7KUxEmd1gMbchF+Y2eIUbieUaxkWtptyHywrX0rE8QEYqPC07Vuy4Wm32/xE16NcdBctb8S0Xe/5IeQ==",
      "requires": {
        "core-util-is": "~1.0.0",
        "inherits": "~2.0.3",
        "isarray": "~1.0.0",
        "process-nextick-args": "~1.0.6",
        "safe-buffer": "~5.1.1",
        "string_decoder": "~1.0.3",
        "util-deprecate": "~1.0.1"
      }
    },
    "safe-buffer": {
      "version": "5.1.1",
      "resolved": "https://registry.npmjs.org/safe-buffer/-/safe-buffer-5.1.1.tgz",
      "integrity": "sha512-kKvNJn6Mm93gAczWVJg7wH+wGYWNrDHdWvpUmHyEsgCtIwwo3bqPtV4tR5tuPaUhTOo/kvhVwd8XwwOllGYkbg=="
    },
    "safer-buffer": {
      "version": "2.1.2",
      "resolved": "https://registry.npmjs.org/safer-buffer/-/safer-buffer-2.1.2.tgz",
      "integrity": "sha512-YZo3K82SD7Riyi0E1EQPojLz7kpepnSQI9IyPbHHg1XXXevb5dJI7tpyN2ADxGcQbHG7vcyRHk0cbwqcQriUtg=="
    },
    "string_decoder": {
      "version": "1.0.3",
      "resolved": "https://registry.npmjs.org/string_decoder/-/string_decoder-1.0.3.tgz",
      "integrity": "sha512-4AH6Z5fzNNBcH+6XDMfA/BTt87skxqJlO0lAh3Dker5zThcAxG6mKz+iGu308UKoPPQ8Dcqx/4JhujzltRa+hQ==",
      "requires": {
        "safe-buffer": "~5.1.0"
      }
    },
    "tlds": {
      "version": "1.203.1",
      "resolved": "https://registry.npmjs.org/tlds/-/tlds-1.203.1.tgz",
      "integrity": "sha512-7MUlYyGJ6rSitEZ3r1Q1QNV8uSIzapS8SmmhSusBuIc7uIxPPwsKllEP0GRp1NS6Ik6F+fRZvnjDWm3ecv2hDw=="
    },
    "uc.micro": {
      "version": "1.0.3",
      "resolved": "https://registry.npmjs.org/uc.micro/-/uc.micro-1.0.3.tgz",
      "integrity": "sha512-DCP9Fsna9pwKbAvb/1gsheFkVhaY/kTz4Zah7nZlptV8tZk00AQOI1+xFj0bVMk3xS4hKPbqPhtGa4PeUjLQpg=="
    },
    "util-deprecate": {
      "version": "1.0.2",
      "resolved": "https://registry.npmjs.org/util-deprecate/-/util-deprecate-1.0.2.tgz",
      "integrity": "sha512-EPD5q1uXyFxJpCrLnCc1nHnq3gOa6DZBocAIiI2TaSCA7VCJ1UJDMagCzIkXNsUYfD1daK//LTEQ8xiIbrHtcw=="
    },
    "wordwrap": {
      "version": "0.0.3",
      "resolved": "https://registry.npmjs.org/wordwrap/-/wordwrap-0.0.3.tgz",
      "integrity": "sha512-1tMA907+V4QmxV7dbRvb4/8MaRALK6q9Abid3ndMYnbyo8piisCmeONVqVSXqQA3KaP4SLt5b7ud6E2sqP8TFw=="
    }
  }
}
