{
	"name": "kindle-email-to-json",
	"version": "2.0.3",
	"lockfileVersion": 2,
	"requires": true,
	"packages": {
		"": {
			"name": "kindle-email-to-json",
			"version": "2.0.3",
			"license": "MIT",
			"dependencies": {
				"cheerio": "1.2.0",
				"mailparser": "^3.6.2"
			},
			"devDependencies": {
				"@types/node": "^18.8.4"
			}
		},
		"node_modules/@selderee/plugin-htmlparser2": {
			"version": "0.12.0",
			"resolved": "https://registry.npmjs.org/@selderee/plugin-htmlparser2/-/plugin-htmlparser2-0.12.0.tgz",
			"integrity": "sha512-oELmoyA6ML9jDRMV3kgcMQFKxUfBU0yFVn6yTctVaLT5ygXnxH52I3TZEgV9EhXJC68/uFvE5Daj1/25c0Xa/A==",
			"license": "MIT",
			"dependencies": {
				"domelementtype": "~2.3.0",
				"domhandler": "~5.0.3"
			},
			"funding": {
				"url": "https://github.com/sponsors/KillyMXI"
			},
			"peerDependencies": {
				"selderee": "~0.12.0"
			}
		},
		"node_modules/@types/node": {
			"version": "18.19.130",
			"resolved": "https://registry.npmjs.org/@types/node/-/node-18.19.130.tgz",
			"integrity": "sha512-GRaXQx6jGfL8sKfaIDD6OupbIHBr9jv7Jnaml9tB7l4v068PAOXqfcujMMo5PhbIs6ggR1XODELqahT2R8v0fg==",
			"dev": true,
			"license": "MIT",
			"dependencies": {
				"undici-types": "~5.26.4"
			}
		},
		"node_modules/@zone-eu/mailsplit": {
			"version": "5.4.15",
			"resolved": "https://registry.npmjs.org/@zone-eu/mailsplit/-/mailsplit-5.4.15.tgz",
			"integrity": "sha512-c7ZpxauvF4AEkDJlKDYO7iMUtMuqJMBnDWNff1cyx+d7zaBVR3iFEmXhNHOVoMmVyVF3pTZLsLIJsEFKDldOAA==",
			"license": "(MIT OR EUPL-1.1+)",
			"dependencies": {
				"libbase64": "1.3.0",
				"libmime": "5.4.2",
				"libqp": "2.1.1"
			}
		},
		"node_modules/@zone-eu/mailsplit/node_modules/encoding-japanese": {
			"version": "2.2.0",
			"resolved": "https://registry.npmjs.org/encoding-japanese/-/encoding-japanese-2.2.0.tgz",
			"integrity": "sha512-EuJWwlHPZ1LbADuKTClvHtwbaFn4rOD+dRAbWysqEOXRc2Uui0hJInNJrsdH0c+OhJA4nrCBdSkW4DD5YxAo6A==",
			"license": "MIT",
			"engines": {
				"node": ">=8.10.0"
			}
		},
		"node_modules/@zone-eu/mailsplit/node_modules/iconv-lite": {
			"version": "0.7.3",
			"resolved": "https://registry.npmjs.org/iconv-lite/-/iconv-lite-0.7.3.tgz",
			"integrity": "sha512-IKXpvIzjnC9XTAUbVBcMfGS0EPaIXtW6v+zr+RRp+hqULEpo0owZax6wyRwPOJbWbzjYspQwusTsfVr0ifh4uQ==",
			"license": "MIT",
			"dependencies": {
				"safer-buffer": ">= 2.1.2 < 3.0.0"
			},
			"engines": {
				"node": ">=0.10.0"
			},
			"funding": {
				"type": "opencollective",
				"url": "https://opencollective.com/express"
			}
		},
		"node_modules/@zone-eu/mailsplit/node_modules/libbase64": {
			"version": "1.3.0",
			"resolved": "https://registry.npmjs.org/libbase64/-/libbase64-1.3.0.tgz",
			"integrity": "sha512-GgOXd0Eo6phYgh0DJtjQ2tO8dc0IVINtZJeARPeiIJqge+HdsWSuaDTe8ztQ7j/cONByDZ3zeB325AHiv5O0dg==",
			"license": "MIT"
		},
		"node_modules/@zone-eu/mailsplit/node_modules/libmime": {
			"version": "5.4.2",
			"resolved": "https://registry.npmjs.org/libmime/-/libmime-5.4.2.tgz",
			"integrity": "sha512-+IQnCOdPiufGBkOii+Ze8F7iniyBzOwvWDbn1DyExBpc9pT2B3IEMQi7GUc/PpqhNUh/sr1SG9UXDITQoR0VIA==",
			"license": "MIT",
			"dependencies": {
				"encoding-japanese": "2.2.0",
				"iconv-lite": "0.7.3",
				"libbase64": "1.3.0",
				"libqp": "2.1.1"
			}
		},
		"node_modules/@zone-eu/mailsplit/node_modules/libqp": {
			"version": "2.1.1",
			"resolved": "https://registry.npmjs.org/libqp/-/libqp-2.1.1.tgz",
			"integrity": "sha512-0Wd+GPz1O134cP62YU2GTOPNA7Qgl09XwCqM5zpBv87ERCXdfDtyKXvV7c9U22yWJh44QZqBocFnXN11K96qow==",
			"license": "MIT"
		},
		"node_modules/boolbase": {
			"version": "1.0.0",
			"resolved": "https://registry.npmjs.org/boolbase/-/boolbase-1.0.0.tgz",
			"integrity": "sha512-JZOSA7Mo9sNGB8+UjSgzdLtokWAky1zbztM3WRLCbZ70/3cTANmQmOdR7y2g+J0e2WXywy1yS468tY+IruqEww=="
		},
		"node_modules/cheerio": {
			"version": "1.2.0",
			"resolved": "https://registry.npmjs.org/cheerio/-/cheerio-1.2.0.tgz",
			"integrity": "sha512-WDrybc/gKFpTYQutKIK6UvfcuxijIZfMfXaYm8NMsPQxSYvf+13fXUJ4rztGGbJcBQ/GF55gvrZ0Bc0bj/mqvg==",
			"license": "MIT",
			"dependencies": {
				"cheerio-select": "^2.1.0",
				"dom-serializer": "^2.0.0",
				"domhandler": "^5.0.3",
				"domutils": "^3.2.2",
				"encoding-sniffer": "^0.2.1",
				"htmlparser2": "^10.1.0",
				"parse5": "^7.3.0",
				"parse5-htmlparser2-tree-adapter": "^7.1.0",
				"parse5-parser-stream": "^7.1.2",
				"undici": "^7.19.0",
				"whatwg-mimetype": "^4.0.0"
			},
			"engines": {
				"node": ">=20.18.1"
			},
			"funding": {
				"url": "https://github.com/cheeriojs/cheerio?sponsor=1"
			}
		},
		"node_modules/cheerio-select": {
			"version": "2.1.0",
			"resolved": "https://registry.npmjs.org/cheerio-select/-/cheerio-select-2.1.0.tgz",
			"integrity": "sha512-9v9kG0LvzrlcungtnJtpGNxY+fzECQKhK4EGJX2vByejiMX84MFNQw4UxPJl3bFbTMw+Dfs37XaIkCwTZfLh4g==",
			"dependencies": {
				"boolbase": "^1.0.0",
				"css-select": "^5.1.0",
				"css-what": "^6.1.0",
				"domelementtype": "^2.3.0",
				"domhandler": "^5.0.3",
				"domutils": "^3.0.1"
			},
			"funding": {
				"url": "https://github.com/sponsors/fb55"
			}
		},
		"node_modules/css-select": {
			"version": "5.1.0",
			"resolved": "https://registry.npmjs.org/css-select/-/css-select-5.1.0.tgz",
			"integrity": "sha512-nwoRF1rvRRnnCqqY7updORDsuqKzqYJ28+oSMaJMMgOauh3fvwHqMS7EZpIPqK8GL+g9mKxF1vP/ZjSeNjEVHg==",
			"dependencies": {
				"boolbase": "^1.0.0",
				"css-what": "^6.1.0",
				"domhandler": "^5.0.2",
				"domutils": "^3.0.1",
				"nth-check": "^2.0.1"
			},
			"funding": {
				"url": "https://github.com/sponsors/fb55"
			}
		},
		"node_modules/css-what": {
			"version": "6.1.0",
			"resolved": "https://registry.npmjs.org/css-what/-/css-what-6.1.0.tgz",
			"integrity": "sha512-HTUrgRJ7r4dsZKU6GjmpfRK1O76h97Z8MfS1G0FozR+oF2kG6Vfe8JE6zwrkbxigziPHinCJ+gCPjA9EaBDtRw==",
			"engines": {
				"node": ">= 6"
			},
			"funding": {
				"url": "https://github.com/sponsors/fb55"
			}
		},
		"node_modules/deepmerge-ts": {
			"version": "7.1.6",
			"resolved": "https://registry.npmjs.org/deepmerge-ts/-/deepmerge-ts-7.1.6.tgz",
			"integrity": "sha512-gQhL1ksGBLQbHeAo47YU6cs2ahd3Pv+8PFYoWogNZbQnNwQyOh9Ad5kbeHFiWwbKdeWQJ5Z7Y7mwb9ew2hXBLw==",
			"funding": [
				{
					"type": "ko-fi",
					"url": "https://ko-fi.com/rebeccastevens"
				},
				{
					"type": "tidelift",
					"url": "https://tidelift.com/funding/github/npm/deepmerge-ts"
				}
			],
			"license": "BSD-3-Clause",
			"engines": {
				"node": ">=16.0.0"
			}
		},
		"node_modules/dom-serializer": {
			"version": "2.0.0",
			"resolved": "https://registry.npmjs.org/dom-serializer/-/dom-serializer-2.0.0.tgz",
			"integrity": "sha512-wIkAryiqt/nV5EQKqQpo3SToSOV9J0DnbJqwK7Wv/Trc92zIAYZ4FlMu+JPFW1DfGFt81ZTCGgDEabffXeLyJg==",
			"dependencies": {
				"domelementtype": "^2.3.0",
				"domhandler": "^5.0.2",
				"entities": "^4.2.0"
			},
			"funding": {
				"url": "https://github.com/cheeriojs/dom-serializer?sponsor=1"
			}
		},
		"node_modules/domelementtype": {
			"version": "2.3.0",
			"resolved": "https://registry.npmjs.org/domelementtype/-/domelementtype-2.3.0.tgz",
			"integrity": "sha512-OLETBj6w0OsagBwdXnPdN0cnMfF9opN69co+7ZrbfPGrdpPVNBUj02spi6B1N7wChLQiPn4CSH/zJvXw56gmHw==",
			"funding": [
				{
					"type": "github",
					"url": "https://github.com/sponsors/fb55"
				}
			]
		},
		"node_modules/domhandler": {
			"version": "5.0.3",
			"resolved": "https://registry.npmjs.org/domhandler/-/domhandler-5.0.3.tgz",
			"integrity": "sha512-cgwlv/1iFQiFnU96XXgROh8xTeetsnJiDsTc7TYCLFd9+/WNkIqPTxiM/8pSd8VIrhXGTf1Ny1q1hquVqDJB5w==",
			"dependencies": {
				"domelementtype": "^2.3.0"
			},
			"engines": {
				"node": ">= 4"
			},
			"funding": {
				"url": "https://github.com/fb55/domhandler?sponsor=1"
			}
		},
		"node_modules/domutils": {
			"version": "3.2.2",
			"resolved": "https://registry.npmjs.org/domutils/-/domutils-3.2.2.tgz",
			"integrity": "sha512-6kZKyUajlDuqlHKVX1w7gyslj9MPIXzIFiz/rGu35uC1wMi+kMhQwGhl4lt9unC9Vb9INnY9Z3/ZA3+FhASLaw==",
			"license": "BSD-2-Clause",
			"dependencies": {
				"dom-serializer": "^2.0.0",
				"domelementtype": "^2.3.0",
				"domhandler": "^5.0.3"
			},
			"funding": {
				"url": "https://github.com/fb55/domutils?sponsor=1"
			}
		},
		"node_modules/encoding-sniffer": {
			"version": "0.2.1",
			"resolved": "https://registry.npmjs.org/encoding-sniffer/-/encoding-sniffer-0.2.1.tgz",
			"integrity": "sha512-5gvq20T6vfpekVtqrYQsSCFZ1wEg5+wW0/QaZMWkFr6BqD3NfKs0rLCx4rrVlSWJeZb5NBJgVLswK/w2MWU+Gw==",
			"license": "MIT",
			"dependencies": {
				"iconv-lite": "^0.6.3",
				"whatwg-encoding": "^3.1.1"
			},
			"funding": {
				"url": "https://github.com/fb55/encoding-sniffer?sponsor=1"
			}
		},
		"node_modules/entities": {
			"version": "4.4.0",
			"resolved": "https://registry.npmjs.org/entities/-/entities-4.4.0.tgz",
			"integrity": "sha512-oYp7156SP8LkeGD0GF85ad1X9Ai79WtRsZ2gxJqtBuzH+98YUV6jkHEKlZkMbcrjJjIVJNIDP/3WL9wQkoPbWA==",
			"engines": {
				"node": ">=0.12"
			},
			"funding": {
				"url": "https://github.com/fb55/entities?sponsor=1"
			}
		},
		"node_modules/he": {
			"version": "1.2.0",
			"resolved": "https://registry.npmjs.org/he/-/he-1.2.0.tgz",
			"integrity": "sha512-F/1DnUGPopORZi0ni+CvrCgHQ5FyEAHRLSApuYWMmrbSwoN2Mn/7k+Gl38gJnR7yyDZk6WLXwiGod1JOWNDKGw==",
			"bin": {
				"he": "bin/he"
			}
		},
		"node_modules/html-to-text": {
			"version": "10.0.0",
			"resolved": "https://registry.npmjs.org/html-to-text/-/html-to-text-10.0.0.tgz",
			"integrity": "sha512-2OH59Gtprdczel+7Rxgpz9hGVJREaf8Lt1H4kZwWHpEn70VQKRuMNGsb2eDbwaTzrYzb0hheiOG1P7Dim0B4dQ==",
			"license": "MIT",
			"dependencies": {
				"@selderee/plugin-htmlparser2": "~0.12.0",
				"deepmerge-ts": "^7.1.5",
				"dom-serializer": "^2.0.0",
				"htmlparser2": "^10.1.0",
				"selderee": "~0.12.0"
			},
			"engines": {
				"node": ">=20.19.0"
			},
			"funding": {
				"url": "https://github.com/sponsors/KillyMXI"
			}
		},
		"node_modules/htmlparser2": {
			"version": "10.1.0",
			"resolved": "https://registry.npmjs.org/htmlparser2/-/htmlparser2-10.1.0.tgz",
			"integrity": "sha512-VTZkM9GWRAtEpveh7MSF6SjjrpNVNNVJfFup7xTY3UpFtm67foy9HDVXneLtFVt4pMz5kZtgNcvCniNFb1hlEQ==",
			"funding": [
				"https://github.com/fb55/htmlparser2?sponsor=1",
				{
					"type": "github",
					"url": "https://github.com/sponsors/fb55"
				}
			],
			"license": "MIT",
			"dependencies": {
				"domelementtype": "^2.3.0",
				"domhandler": "^5.0.3",
				"domutils": "^3.2.2",
				"entities": "^7.0.1"
			}
		},
		"node_modules/htmlparser2/node_modules/entities": {
			"version": "7.0.1",
			"resolved": "https://registry.npmjs.org/entities/-/entities-7.0.1.tgz",
			"integrity": "sha512-TWrgLOFUQTH994YUyl1yT4uyavY5nNB5muff+RtWaqNVCAK408b5ZnnbNAUEWLTCpum9w6arT70i1XdQ4UeOPA==",
			"license": "BSD-2-Clause",
			"engines": {
				"node": ">=0.12"
			},
			"funding": {
				"url": "https://github.com/fb55/entities?sponsor=1"
			}
		},
		"node_modules/iconv-lite": {
			"version": "0.6.3",
			"resolved": "https://registry.npmjs.org/iconv-lite/-/iconv-lite-0.6.3.tgz",
			"integrity": "sha512-4fCk79wshMdzMp2rH06qWrJE4iolqLhCUH+OiuIgU++RB0+94NlDL81atO7GX55uUKueo0txHNtvEyI6D7WdMw==",
			"dependencies": {
				"safer-buffer": ">= 2.1.2 < 3.0.0"
			},
			"engines": {
				"node": ">=0.10.0"
			}
		},
		"node_modules/leac": {
			"version": "0.7.0",
			"resolved": "https://registry.npmjs.org/leac/-/leac-0.7.0.tgz",
			"integrity": "sha512-qMrZeyEekgdRQ9o6a4NAB2EQZrv827GJdn1vnapwSJ90hWRB4TzUSunvacPkxQ2TnNqHNI1/zSt0hlo0crG8Jw==",
			"license": "MIT",
			"funding": {
				"url": "https://github.com/sponsors/KillyMXI"
			}
		},
		"node_modules/linkify-it": {
			"version": "5.0.2",
			"resolved": "https://registry.npmjs.org/linkify-it/-/linkify-it-5.0.2.tgz",
			"integrity": "sha512-ONTm2jCMAVZjgQa/Fy1kScXsuOoF5NPTsoFBdE1KVIZ2vAh/r9+Bqo+0jINCBYnavTPQZz38QzFTme79ENoN3Q==",
			"funding": [
				{
					"type": "github",
					"url": "https://github.com/sponsors/puzrin"
				},
				{
					"type": "github",
					"url": "https://github.com/sponsors/markdown-it"
				}
			],
			"license": "MIT",
			"dependencies": {
				"uc.micro": "^2.0.0"
			}
		},
		"node_modules/mailparser": {
			"version": "3.9.15",
			"resolved": "https://registry.npmjs.org/mailparser/-/mailparser-3.9.15.tgz",
			"integrity": "sha512-/5hgybKDMKFS05jAh8OPeEE7N53lj8nF6ywlo89VPjF2TtwqIQbjaxumQWnJIkmaagnJ6u1eansMOViHFxIXwQ==",
			"license": "MIT",
			"dependencies": {
				"@zone-eu/mailsplit": "5.4.15",
				"encoding-japanese": "2.2.0",
				"he": "1.2.0",
				"html-to-text": "10.0.0",
				"iconv-lite": "0.7.3",
				"libmime": "5.4.2",
				"linkify-it": "5.0.2",
				"nodemailer": "9.0.5",
				"punycode.js": "2.3.1",
				"tlds": "1.261.0"
			}
		},
		"node_modules/mailparser/node_modules/encoding-japanese": {
			"version": "2.2.0",
			"resolved": "https://registry.npmjs.org/encoding-japanese/-/encoding-japanese-2.2.0.tgz",
			"integrity": "sha512-EuJWwlHPZ1LbADuKTClvHtwbaFn4rOD+dRAbWysqEOXRc2Uui0hJInNJrsdH0c+OhJA4nrCBdSkW4DD5YxAo6A==",
			"license": "MIT",
			"engines": {
				"node": ">=8.10.0"
			}
		},
		"node_modules/mailparser/node_modules/iconv-lite": {
			"version": "0.7.3",
			"resolved": "https://registry.npmjs.org/iconv-lite/-/iconv-lite-0.7.3.tgz",
			"integrity": "sha512-IKXpvIzjnC9XTAUbVBcMfGS0EPaIXtW6v+zr+RRp+hqULEpo0owZax6wyRwPOJbWbzjYspQwusTsfVr0ifh4uQ==",
			"license": "MIT",
			"dependencies": {
				"safer-buffer": ">= 2.1.2 < 3.0.0"
			},
			"engines": {
				"node": ">=0.10.0"
			},
			"funding": {
				"type": "opencollective",
				"url": "https://opencollective.com/express"
			}
		},
		"node_modules/mailparser/node_modules/libbase64": {
			"version": "1.3.0",
			"resolved": "https://registry.npmjs.org/libbase64/-/libbase64-1.3.0.tgz",
			"integrity": "sha512-GgOXd0Eo6phYgh0DJtjQ2tO8dc0IVINtZJeARPeiIJqge+HdsWSuaDTe8ztQ7j/cONByDZ3zeB325AHiv5O0dg==",
			"license": "MIT"
		},
		"node_modules/mailparser/node_modules/libmime": {
			"version": "5.4.2",
			"resolved": "https://registry.npmjs.org/libmime/-/libmime-5.4.2.tgz",
			"integrity": "sha512-+IQnCOdPiufGBkOii+Ze8F7iniyBzOwvWDbn1DyExBpc9pT2B3IEMQi7GUc/PpqhNUh/sr1SG9UXDITQoR0VIA==",
			"license": "MIT",
			"dependencies": {
				"encoding-japanese": "2.2.0",
				"iconv-lite": "0.7.3",
				"libbase64": "1.3.0",
				"libqp": "2.1.1"
			}
		},
		"node_modules/mailparser/node_modules/libqp": {
			"version": "2.1.1",
			"resolved": "https://registry.npmjs.org/libqp/-/libqp-2.1.1.tgz",
			"integrity": "sha512-0Wd+GPz1O134cP62YU2GTOPNA7Qgl09XwCqM5zpBv87ERCXdfDtyKXvV7c9U22yWJh44QZqBocFnXN11K96qow==",
			"license": "MIT"
		},
		"node_modules/nodemailer": {
			"version": "9.0.5",
			"resolved": "https://registry.npmjs.org/nodemailer/-/nodemailer-9.0.5.tgz",
			"integrity": "sha512-wvjiKvjczmsN7U/8006JOdXubgBk2XFAbioDMbT+sM7cPs0QrhJTa6KBRX7P5REGGkDcLUz/EarWidb8G8C1jQ==",
			"license": "MIT-0",
			"engines": {
				"node": ">=6.0.0"
			}
		},
		"node_modules/nth-check": {
			"version": "2.1.1",
			"resolved": "https://registry.npmjs.org/nth-check/-/nth-check-2.1.1.tgz",
			"integrity": "sha512-lqjrjmaOoAnWfMmBPL+XNnynZh2+swxiX3WUE0s4yEHI6m+AwrK2UZOimIRl3X/4QctVqS8AiZjFqyOGrMXb/w==",
			"dependencies": {
				"boolbase": "^1.0.0"
			},
			"funding": {
				"url": "https://github.com/fb55/nth-check?sponsor=1"
			}
		},
		"node_modules/parse5": {
			"version": "7.3.0",
			"resolved": "https://registry.npmjs.org/parse5/-/parse5-7.3.0.tgz",
			"integrity": "sha512-IInvU7fabl34qmi9gY8XOVxhYyMyuH2xUNpb2q8/Y+7552KlejkRvqvD19nMoUW/uQGGbqNpA6Tufu5FL5BZgw==",
			"license": "MIT",
			"dependencies": {
				"entities": "^6.0.0"
			},
			"funding": {
				"url": "https://github.com/inikulin/parse5?sponsor=1"
			}
		},
		"node_modules/parse5-htmlparser2-tree-adapter": {
			"version": "7.1.0",
			"resolved": "https://registry.npmjs.org/parse5-htmlparser2-tree-adapter/-/parse5-htmlparser2-tree-adapter-7.1.0.tgz",
			"integrity": "sha512-ruw5xyKs6lrpo9x9rCZqZZnIUntICjQAd0Wsmp396Ul9lN/h+ifgVV1x1gZHi8euej6wTfpqX8j+BFQxF0NS/g==",
			"license": "MIT",
			"dependencies": {
				"domhandler": "^5.0.3",
				"parse5": "^7.0.0"
			},
			"funding": {
				"url": "https://github.com/inikulin/parse5?sponsor=1"
			}
		},
		"node_modules/parse5-parser-stream": {
			"version": "7.1.2",
			"resolved": "https://registry.npmjs.org/parse5-parser-stream/-/parse5-parser-stream-7.1.2.tgz",
			"integrity": "sha512-JyeQc9iwFLn5TbvvqACIF/VXG6abODeB3Fwmv/TGdLk2LfbWkaySGY72at4+Ty7EkPZj854u4CrICqNk2qIbow==",
			"license": "MIT",
			"dependencies": {
				"parse5": "^7.0.0"
			},
			"funding": {
				"url": "https://github.com/inikulin/parse5?sponsor=1"
			}
		},
		"node_modules/parse5/node_modules/entities": {
			"version": "6.0.1",
			"resolved": "https://registry.npmjs.org/entities/-/entities-6.0.1.tgz",
			"integrity": "sha512-aN97NXWF6AWBTahfVOIrB/NShkzi5H7F9r1s9mD3cDj4Ko5f2qhhVoYMibXF7GlLveb/D2ioWay8lxI97Ven3g==",
			"license": "BSD-2-Clause",
			"engines": {
				"node": ">=0.12"
			},
			"funding": {
				"url": "https://github.com/fb55/entities?sponsor=1"
			}
		},
		"node_modules/parseley": {
			"version": "0.13.1",
			"resolved": "https://registry.npmjs.org/parseley/-/parseley-0.13.1.tgz",
			"integrity": "sha512-uNBJZzmb60l6p6VWLTmevizNAGnE0xoSf1n0B4q3ntegDNzcS68NRCcBDZTcyXHxt2XhBChsCuqj4M+nChvE/A==",
			"license": "MIT",
			"dependencies": {
				"leac": "^0.7.0",
				"peberminta": "^0.10.0"
			},
			"funding": {
				"url": "https://github.com/sponsors/KillyMXI"
			}
		},
		"node_modules/peberminta": {
			"version": "0.10.0",
			"resolved": "https://registry.npmjs.org/peberminta/-/peberminta-0.10.0.tgz",
			"integrity": "sha512-80B2AsU+I4Qdb0ZAPSfe9UwvGzwkM37IKIFEvdS3D/3Ndgv2bsuJ0bfG1+iEYO+l7Gfd4EUJmuRyq7efLgRMzQ==",
			"license": "MIT",
			"funding": {
				"url": "https://github.com/sponsors/KillyMXI"
			}
		},
		"node_modules/punycode.js": {
			"version": "2.3.1",
			"resolved": "https://registry.npmjs.org/punycode.js/-/punycode.js-2.3.1.tgz",
			"integrity": "sha512-uxFIHU0YlHYhDQtV4R9J6a52SLx28BCjT+4ieh7IGbgwVJWO+km431c4yRlREUAsAmt/uMjQUyQHNEPf0M39CA==",
			"license": "MIT",
			"engines": {
				"node": ">=6"
			}
		},
		"node_modules/safer-buffer": {
			"version": "2.1.2",
			"resolved": "https://registry.npmjs.org/safer-buffer/-/safer-buffer-2.1.2.tgz",
			"integrity": "sha512-YZo3K82SD7Riyi0E1EQPojLz7kpepnSQI9IyPbHHg1XXXevb5dJI7tpyN2ADxGcQbHG7vcyRHk0cbwqcQriUtg=="
		},
		"node_modules/selderee": {
			"version": "0.12.0",
			"resolved": "https://registry.npmjs.org/selderee/-/selderee-0.12.0.tgz",
			"integrity": "sha512-b1YMh3+DHZp59DLna3qVwQ5iOla/nrI6mLBNW02XxU77M3046Df6VLkoaJyFz20VsGIG5kkp+FK0kg4K4HnUFw==",
			"license": "MIT",
			"dependencies": {
				"parseley": "~0.13.1"
			},
			"funding": {
				"url": "https://github.com/sponsors/KillyMXI"
			}
		},
		"node_modules/tlds": {
			"version": "1.261.0",
			"resolved": "https://registry.npmjs.org/tlds/-/tlds-1.261.0.tgz",
			"integrity": "sha512-QXqwfEl9ddlGBaRFXIvNKK6OhipSiLXuRuLJX5DErz0o0Q0rYxulWLdFryTkV5PkdZct5iMInwYEGe/eR++1AA==",
			"license": "MIT",
			"bin": {
				"tlds": "bin.js"
			}
		},
		"node_modules/uc.micro": {
			"version": "2.0.0",
			"resolved": "https://registry.npmjs.org/uc.micro/-/uc.micro-2.0.0.tgz",
			"integrity": "sha512-DffL94LsNOccVn4hyfRe5rdKa273swqeA5DJpMOeFmEn1wCDc7nAbbB0gXlgBCL7TNzeTv6G7XVWzan7iJtfig=="
		},
		"node_modules/undici": {
			"version": "7.29.0",
			"resolved": "https://registry.npmjs.org/undici/-/undici-7.29.0.tgz",
			"integrity": "sha512-IDxfleLmmbSskfWSUATiN1nfn2rDuvnMOqb5CWR92iIfojA0Ud+ulOAAEQ57LPr9rWmsreUyf5lwyao+7GNNVw==",
			"license": "MIT",
			"engines": {
				"node": ">=20.18.1"
			}
		},
		"node_modules/undici-types": {
			"version": "5.26.5",
			"resolved": "https://registry.npmjs.org/undici-types/-/undici-types-5.26.5.tgz",
			"integrity": "sha512-JlCMO+ehdEIKqlFxk6IfVoAUVmgz7cU7zD/h9XZ0qzeosSHmUJVOzSQvvYSYWXkFXC+IfLKSIffhv0sVZup6pA==",
			"dev": true
		},
		"node_modules/whatwg-encoding": {
			"version": "3.1.1",
			"resolved": "https://registry.npmjs.org/whatwg-encoding/-/whatwg-encoding-3.1.1.tgz",
			"integrity": "sha512-6qN4hJdMwfYBtE3YBTTHhoeuUrDBPZmbQaxWAqSALV/MeEnR5z1xd8UKud2RAkFoPkmB+hli1TZSnyi84xz1vQ==",
			"deprecated": "Use @exodus/bytes instead for a more spec-conformant and faster implementation",
			"license": "MIT",
			"dependencies": {
				"iconv-lite": "0.6.3"
			},
			"engines": {
				"node": ">=18"
			}
		},
		"node_modules/whatwg-mimetype": {
			"version": "4.0.0",
			"resolved": "https://registry.npmjs.org/whatwg-mimetype/-/whatwg-mimetype-4.0.0.tgz",
			"integrity": "sha512-QaKxh0eNIi2mE9p2vEdzfagOKHCcj1pJ56EEHGQOVxp8r9/iszLUUV7v89x9O1p/T+NlTM5W7jW6+cz4Fq1YVg==",
			"license": "MIT",
			"engines": {
				"node": ">=18"
			}
		}
	},
	"dependencies": {
		"@selderee/plugin-htmlparser2": {
			"version": "0.12.0",
			"resolved": "https://registry.npmjs.org/@selderee/plugin-htmlparser2/-/plugin-htmlparser2-0.12.0.tgz",
			"integrity": "sha512-oELmoyA6ML9jDRMV3kgcMQFKxUfBU0yFVn6yTctVaLT5ygXnxH52I3TZEgV9EhXJC68/uFvE5Daj1/25c0Xa/A==",
			"requires": {
				"domelementtype": "~2.3.0",
				"domhandler": "~5.0.3"
			}
		},
		"@types/node": {
			"version": "18.19.130",
			"resolved": "https://registry.npmjs.org/@types/node/-/node-18.19.130.tgz",
			"integrity": "sha512-GRaXQx6jGfL8sKfaIDD6OupbIHBr9jv7Jnaml9tB7l4v068PAOXqfcujMMo5PhbIs6ggR1XODELqahT2R8v0fg==",
			"dev": true,
			"requires": {
				"undici-types": "~5.26.4"
			}
		},
		"@zone-eu/mailsplit": {
			"version": "5.4.15",
			"resolved": "https://registry.npmjs.org/@zone-eu/mailsplit/-/mailsplit-5.4.15.tgz",
			"integrity": "sha512-c7ZpxauvF4AEkDJlKDYO7iMUtMuqJMBnDWNff1cyx+d7zaBVR3iFEmXhNHOVoMmVyVF3pTZLsLIJsEFKDldOAA==",
			"requires": {
				"libbase64": "1.3.0",
				"libmime": "5.4.2",
				"libqp": "2.1.1"
			},
			"dependencies": {
				"encoding-japanese": {
					"version": "2.2.0",
					"resolved": "https://registry.npmjs.org/encoding-japanese/-/encoding-japanese-2.2.0.tgz",
					"integrity": "sha512-EuJWwlHPZ1LbADuKTClvHtwbaFn4rOD+dRAbWysqEOXRc2Uui0hJInNJrsdH0c+OhJA4nrCBdSkW4DD5YxAo6A=="
				},
				"iconv-lite": {
					"version": "0.7.3",
					"resolved": "https://registry.npmjs.org/iconv-lite/-/iconv-lite-0.7.3.tgz",
					"integrity": "sha512-IKXpvIzjnC9XTAUbVBcMfGS0EPaIXtW6v+zr+RRp+hqULEpo0owZax6wyRwPOJbWbzjYspQwusTsfVr0ifh4uQ==",
					"requires": {
						"safer-buffer": ">= 2.1.2 < 3.0.0"
					}
				},
				"libbase64": {
					"version": "1.3.0",
					"resolved": "https://registry.npmjs.org/libbase64/-/libbase64-1.3.0.tgz",
					"integrity": "sha512-GgOXd0Eo6phYgh0DJtjQ2tO8dc0IVINtZJeARPeiIJqge+HdsWSuaDTe8ztQ7j/cONByDZ3zeB325AHiv5O0dg=="
				},
				"libmime": {
					"version": "5.4.2",
					"resolved": "https://registry.npmjs.org/libmime/-/libmime-5.4.2.tgz",
					"integrity": "sha512-+IQnCOdPiufGBkOii+Ze8F7iniyBzOwvWDbn1DyExBpc9pT2B3IEMQi7GUc/PpqhNUh/sr1SG9UXDITQoR0VIA==",
					"requires": {
						"encoding-japanese": "2.2.0",
						"iconv-lite": "0.7.3",
						"libbase64": "1.3.0",
						"libqp": "2.1.1"
					}
				},
				"libqp": {
					"version": "2.1.1",
					"resolved": "https://registry.npmjs.org/libqp/-/libqp-2.1.1.tgz",
					"integrity": "sha512-0Wd+GPz1O134cP62YU2GTOPNA7Qgl09XwCqM5zpBv87ERCXdfDtyKXvV7c9U22yWJh44QZqBocFnXN11K96qow=="
				}
			}
		},
		"boolbase": {
			"version": "1.0.0",
			"resolved": "https://registry.npmjs.org/boolbase/-/boolbase-1.0.0.tgz",
			"integrity": "sha512-JZOSA7Mo9sNGB8+UjSgzdLtokWAky1zbztM3WRLCbZ70/3cTANmQmOdR7y2g+J0e2WXywy1yS468tY+IruqEww=="
		},
		"cheerio": {
			"version": "1.2.0",
			"resolved": "https://registry.npmjs.org/cheerio/-/cheerio-1.2.0.tgz",
			"integrity": "sha512-WDrybc/gKFpTYQutKIK6UvfcuxijIZfMfXaYm8NMsPQxSYvf+13fXUJ4rztGGbJcBQ/GF55gvrZ0Bc0bj/mqvg==",
			"requires": {
				"cheerio-select": "^2.1.0",
				"dom-serializer": "^2.0.0",
				"domhandler": "^5.0.3",
				"domutils": "^3.2.2",
				"encoding-sniffer": "^0.2.1",
				"htmlparser2": "^10.1.0",
				"parse5": "^7.3.0",
				"parse5-htmlparser2-tree-adapter": "^7.1.0",
				"parse5-parser-stream": "^7.1.2",
				"undici": "^7.19.0",
				"whatwg-mimetype": "^4.0.0"
			}
		},
		"cheerio-select": {
			"version": "2.1.0",
			"resolved": "https://registry.npmjs.org/cheerio-select/-/cheerio-select-2.1.0.tgz",
			"integrity": "sha512-9v9kG0LvzrlcungtnJtpGNxY+fzECQKhK4EGJX2vByejiMX84MFNQw4UxPJl3bFbTMw+Dfs37XaIkCwTZfLh4g==",
			"requires": {
				"boolbase": "^1.0.0",
				"css-select": "^5.1.0",
				"css-what": "^6.1.0",
				"domelementtype": "^2.3.0",
				"domhandler": "^5.0.3",
				"domutils": "^3.0.1"
			}
		},
		"css-select": {
			"version": "5.1.0",
			"resolved": "https://registry.npmjs.org/css-select/-/css-select-5.1.0.tgz",
			"integrity": "sha512-nwoRF1rvRRnnCqqY7updORDsuqKzqYJ28+oSMaJMMgOauh3fvwHqMS7EZpIPqK8GL+g9mKxF1vP/ZjSeNjEVHg==",
			"requires": {
				"boolbase": "^1.0.0",
				"css-what": "^6.1.0",
				"domhandler": "^5.0.2",
				"domutils": "^3.0.1",
				"nth-check": "^2.0.1"
			}
		},
		"css-what": {
			"version": "6.1.0",
			"resolved": "https://registry.npmjs.org/css-what/-/css-what-6.1.0.tgz",
			"integrity": "sha512-HTUrgRJ7r4dsZKU6GjmpfRK1O76h97Z8MfS1G0FozR+oF2kG6Vfe8JE6zwrkbxigziPHinCJ+gCPjA9EaBDtRw=="
		},
		"deepmerge-ts": {
			"version": "7.1.6",
			"resolved": "https://registry.npmjs.org/deepmerge-ts/-/deepmerge-ts-7.1.6.tgz",
			"integrity": "sha512-gQhL1ksGBLQbHeAo47YU6cs2ahd3Pv+8PFYoWogNZbQnNwQyOh9Ad5kbeHFiWwbKdeWQJ5Z7Y7mwb9ew2hXBLw=="
		},
		"dom-serializer": {
			"version": "2.0.0",
			"resolved": "https://registry.npmjs.org/dom-serializer/-/dom-serializer-2.0.0.tgz",
			"integrity": "sha512-wIkAryiqt/nV5EQKqQpo3SToSOV9J0DnbJqwK7Wv/Trc92zIAYZ4FlMu+JPFW1DfGFt81ZTCGgDEabffXeLyJg==",
			"requires": {
				"domelementtype": "^2.3.0",
				"domhandler": "^5.0.2",
				"entities": "^4.2.0"
			}
		},
		"domelementtype": {
			"version": "2.3.0",
			"resolved": "https://registry.npmjs.org/domelementtype/-/domelementtype-2.3.0.tgz",
			"integrity": "sha512-OLETBj6w0OsagBwdXnPdN0cnMfF9opN69co+7ZrbfPGrdpPVNBUj02spi6B1N7wChLQiPn4CSH/zJvXw56gmHw=="
		},
		"domhandler": {
			"version": "5.0.3",
			"resolved": "https://registry.npmjs.org/domhandler/-/domhandler-5.0.3.tgz",
			"integrity": "sha512-cgwlv/1iFQiFnU96XXgROh8xTeetsnJiDsTc7TYCLFd9+/WNkIqPTxiM/8pSd8VIrhXGTf1Ny1q1hquVqDJB5w==",
			"requires": {
				"domelementtype": "^2.3.0"
			}
		},
		"domutils": {
			"version": "3.2.2",
			"resolved": "https://registry.npmjs.org/domutils/-/domutils-3.2.2.tgz",
			"integrity": "sha512-6kZKyUajlDuqlHKVX1w7gyslj9MPIXzIFiz/rGu35uC1wMi+kMhQwGhl4lt9unC9Vb9INnY9Z3/ZA3+FhASLaw==",
			"requires": {
				"dom-serializer": "^2.0.0",
				"domelementtype": "^2.3.0",
				"domhandler": "^5.0.3"
			}
		},
		"encoding-sniffer": {
			"version": "0.2.1",
			"resolved": "https://registry.npmjs.org/encoding-sniffer/-/encoding-sniffer-0.2.1.tgz",
			"integrity": "sha512-5gvq20T6vfpekVtqrYQsSCFZ1wEg5+wW0/QaZMWkFr6BqD3NfKs0rLCx4rrVlSWJeZb5NBJgVLswK/w2MWU+Gw==",
			"requires": {
				"iconv-lite": "^0.6.3",
				"whatwg-encoding": "^3.1.1"
			}
		},
		"entities": {
			"version": "4.4.0",
			"resolved": "https://registry.npmjs.org/entities/-/entities-4.4.0.tgz",
			"integrity": "sha512-oYp7156SP8LkeGD0GF85ad1X9Ai79WtRsZ2gxJqtBuzH+98YUV6jkHEKlZkMbcrjJjIVJNIDP/3WL9wQkoPbWA=="
		},
		"he": {
			"version": "1.2.0",
			"resolved": "https://registry.npmjs.org/he/-/he-1.2.0.tgz",
			"integrity": "sha512-F/1DnUGPopORZi0ni+CvrCgHQ5FyEAHRLSApuYWMmrbSwoN2Mn/7k+Gl38gJnR7yyDZk6WLXwiGod1JOWNDKGw=="
		},
		"html-to-text": {
			"version": "10.0.0",
			"resolved": "https://registry.npmjs.org/html-to-text/-/html-to-text-10.0.0.tgz",
			"integrity": "sha512-2OH59Gtprdczel+7Rxgpz9hGVJREaf8Lt1H4kZwWHpEn70VQKRuMNGsb2eDbwaTzrYzb0hheiOG1P7Dim0B4dQ==",
			"requires": {
				"@selderee/plugin-htmlparser2": "~0.12.0",
				"deepmerge-ts": "^7.1.5",
				"dom-serializer": "^2.0.0",
				"htmlparser2": "^10.1.0",
				"selderee": "~0.12.0"
			}
		},
		"htmlparser2": {
			"version": "10.1.0",
			"resolved": "https://registry.npmjs.org/htmlparser2/-/htmlparser2-10.1.0.tgz",
			"integrity": "sha512-VTZkM9GWRAtEpveh7MSF6SjjrpNVNNVJfFup7xTY3UpFtm67foy9HDVXneLtFVt4pMz5kZtgNcvCniNFb1hlEQ==",
			"requires": {
				"domelementtype": "^2.3.0",
				"domhandler": "^5.0.3",
				"domutils": "^3.2.2",
				"entities": "^7.0.1"
			},
			"dependencies": {
				"entities": {
					"version": "7.0.1",
					"resolved": "https://registry.npmjs.org/entities/-/entities-7.0.1.tgz",
					"integrity": "sha512-TWrgLOFUQTH994YUyl1yT4uyavY5nNB5muff+RtWaqNVCAK408b5ZnnbNAUEWLTCpum9w6arT70i1XdQ4UeOPA=="
				}
			}
		},
		"iconv-lite": {
			"version": "0.6.3",
			"resolved": "https://registry.npmjs.org/iconv-lite/-/iconv-lite-0.6.3.tgz",
			"integrity": "sha512-4fCk79wshMdzMp2rH06qWrJE4iolqLhCUH+OiuIgU++RB0+94NlDL81atO7GX55uUKueo0txHNtvEyI6D7WdMw==",
			"requires": {
				"safer-buffer": ">= 2.1.2 < 3.0.0"
			}
		},
		"leac": {
			"version": "0.7.0",
			"resolved": "https://registry.npmjs.org/leac/-/leac-0.7.0.tgz",
			"integrity": "sha512-qMrZeyEekgdRQ9o6a4NAB2EQZrv827GJdn1vnapwSJ90hWRB4TzUSunvacPkxQ2TnNqHNI1/zSt0hlo0crG8Jw=="
		},
		"linkify-it": {
			"version": "5.0.2",
			"resolved": "https://registry.npmjs.org/linkify-it/-/linkify-it-5.0.2.tgz",
			"integrity": "sha512-ONTm2jCMAVZjgQa/Fy1kScXsuOoF5NPTsoFBdE1KVIZ2vAh/r9+Bqo+0jINCBYnavTPQZz38QzFTme79ENoN3Q==",
			"requires": {
				"uc.micro": "^2.0.0"
			}
		},
		"mailparser": {
			"version": "3.9.15",
			"resolved": "https://registry.npmjs.org/mailparser/-/mailparser-3.9.15.tgz",
			"integrity": "sha512-/5hgybKDMKFS05jAh8OPeEE7N53lj8nF6ywlo89VPjF2TtwqIQbjaxumQWnJIkmaagnJ6u1eansMOViHFxIXwQ==",
			"requires": {
				"@zone-eu/mailsplit": "5.4.15",
				"encoding-japanese": "2.2.0",
				"he": "1.2.0",
				"html-to-text": "10.0.0",
				"iconv-lite": "0.7.3",
				"libmime": "5.4.2",
				"linkify-it": "5.0.2",
				"nodemailer": "9.0.5",
				"punycode.js": "2.3.1",
				"tlds": "1.261.0"
			},
			"dependencies": {
				"encoding-japanese": {
					"version": "2.2.0",
					"resolved": "https://registry.npmjs.org/encoding-japanese/-/encoding-japanese-2.2.0.tgz",
					"integrity": "sha512-EuJWwlHPZ1LbADuKTClvHtwbaFn4rOD+dRAbWysqEOXRc2Uui0hJInNJrsdH0c+OhJA4nrCBdSkW4DD5YxAo6A=="
				},
				"iconv-lite": {
					"version": "0.7.3",
					"resolved": "https://registry.npmjs.org/iconv-lite/-/iconv-lite-0.7.3.tgz",
					"integrity": "sha512-IKXpvIzjnC9XTAUbVBcMfGS0EPaIXtW6v+zr+RRp+hqULEpo0owZax6wyRwPOJbWbzjYspQwusTsfVr0ifh4uQ==",
					"requires": {
						"safer-buffer": ">= 2.1.2 < 3.0.0"
					}
				},
				"libbase64": {
					"version": "1.3.0",
					"resolved": "https://registry.npmjs.org/libbase64/-/libbase64-1.3.0.tgz",
					"integrity": "sha512-GgOXd0Eo6phYgh0DJtjQ2tO8dc0IVINtZJeARPeiIJqge+HdsWSuaDTe8ztQ7j/cONByDZ3zeB325AHiv5O0dg=="
				},
				"libmime": {
					"version": "5.4.2",
					"resolved": "https://registry.npmjs.org/libmime/-/libmime-5.4.2.tgz",
					"integrity": "sha512-+IQnCOdPiufGBkOii+Ze8F7iniyBzOwvWDbn1DyExBpc9pT2B3IEMQi7GUc/PpqhNUh/sr1SG9UXDITQoR0VIA==",
					"requires": {
						"encoding-japanese": "2.2.0",
						"iconv-lite": "0.7.3",
						"libbase64": "1.3.0",
						"libqp": "2.1.1"
					}
				},
				"libqp": {
					"version": "2.1.1",
					"resolved": "https://registry.npmjs.org/libqp/-/libqp-2.1.1.tgz",
					"integrity": "sha512-0Wd+GPz1O134cP62YU2GTOPNA7Qgl09XwCqM5zpBv87ERCXdfDtyKXvV7c9U22yWJh44QZqBocFnXN11K96qow=="
				}
			}
		},
		"nodemailer": {
			"version": "9.0.5",
			"resolved": "https://registry.npmjs.org/nodemailer/-/nodemailer-9.0.5.tgz",
			"integrity": "sha512-wvjiKvjczmsN7U/8006JOdXubgBk2XFAbioDMbT+sM7cPs0QrhJTa6KBRX7P5REGGkDcLUz/EarWidb8G8C1jQ=="
		},
		"nth-check": {
			"version": "2.1.1",
			"resolved": "https://registry.npmjs.org/nth-check/-/nth-check-2.1.1.tgz",
			"integrity": "sha512-lqjrjmaOoAnWfMmBPL+XNnynZh2+swxiX3WUE0s4yEHI6m+AwrK2UZOimIRl3X/4QctVqS8AiZjFqyOGrMXb/w==",
			"requires": {
				"boolbase": "^1.0.0"
			}
		},
		"parse5": {
			"version": "7.3.0",
			"resolved": "https://registry.npmjs.org/parse5/-/parse5-7.3.0.tgz",
			"integrity": "sha512-IInvU7fabl34qmi9gY8XOVxhYyMyuH2xUNpb2q8/Y+7552KlejkRvqvD19nMoUW/uQGGbqNpA6Tufu5FL5BZgw==",
			"requires": {
				"entities": "^6.0.0"
			},
			"dependencies": {
				"entities": {
					"version": "6.0.1",
					"resolved": "https://registry.npmjs.org/entities/-/entities-6.0.1.tgz",
					"integrity": "sha512-aN97NXWF6AWBTahfVOIrB/NShkzi5H7F9r1s9mD3cDj4Ko5f2qhhVoYMibXF7GlLveb/D2ioWay8lxI97Ven3g=="
				}
			}
		},
		"parse5-htmlparser2-tree-adapter": {
			"version": "7.1.0",
			"resolved": "https://registry.npmjs.org/parse5-htmlparser2-tree-adapter/-/parse5-htmlparser2-tree-adapter-7.1.0.tgz",
			"integrity": "sha512-ruw5xyKs6lrpo9x9rCZqZZnIUntICjQAd0Wsmp396Ul9lN/h+ifgVV1x1gZHi8euej6wTfpqX8j+BFQxF0NS/g==",
			"requires": {
				"domhandler": "^5.0.3",
				"parse5": "^7.0.0"
			}
		},
		"parse5-parser-stream": {
			"version": "7.1.2",
			"resolved": "https://registry.npmjs.org/parse5-parser-stream/-/parse5-parser-stream-7.1.2.tgz",
			"integrity": "sha512-JyeQc9iwFLn5TbvvqACIF/VXG6abODeB3Fwmv/TGdLk2LfbWkaySGY72at4+Ty7EkPZj854u4CrICqNk2qIbow==",
			"requires": {
				"parse5": "^7.0.0"
			}
		},
		"parseley": {
			"version": "0.13.1",
			"resolved": "https://registry.npmjs.org/parseley/-/parseley-0.13.1.tgz",
			"integrity": "sha512-uNBJZzmb60l6p6VWLTmevizNAGnE0xoSf1n0B4q3ntegDNzcS68NRCcBDZTcyXHxt2XhBChsCuqj4M+nChvE/A==",
			"requires": {
				"leac": "^0.7.0",
				"peberminta": "^0.10.0"
			}
		},
		"peberminta": {
			"version": "0.10.0",
			"resolved": "https://registry.npmjs.org/peberminta/-/peberminta-0.10.0.tgz",
			"integrity": "sha512-80B2AsU+I4Qdb0ZAPSfe9UwvGzwkM37IKIFEvdS3D/3Ndgv2bsuJ0bfG1+iEYO+l7Gfd4EUJmuRyq7efLgRMzQ=="
		},
		"punycode.js": {
			"version": "2.3.1",
			"resolved": "https://registry.npmjs.org/punycode.js/-/punycode.js-2.3.1.tgz",
			"integrity": "sha512-uxFIHU0YlHYhDQtV4R9J6a52SLx28BCjT+4ieh7IGbgwVJWO+km431c4yRlREUAsAmt/uMjQUyQHNEPf0M39CA=="
		},
		"safer-buffer": {
			"version": "2.1.2",
			"resolved": "https://registry.npmjs.org/safer-buffer/-/safer-buffer-2.1.2.tgz",
			"integrity": "sha512-YZo3K82SD7Riyi0E1EQPojLz7kpepnSQI9IyPbHHg1XXXevb5dJI7tpyN2ADxGcQbHG7vcyRHk0cbwqcQriUtg=="
		},
		"selderee": {
			"version": "0.12.0",
			"resolved": "https://registry.npmjs.org/selderee/-/selderee-0.12.0.tgz",
			"integrity": "sha512-b1YMh3+DHZp59DLna3qVwQ5iOla/nrI6mLBNW02XxU77M3046Df6VLkoaJyFz20VsGIG5kkp+FK0kg4K4HnUFw==",
			"requires": {
				"parseley": "~0.13.1"
			}
		},
		"tlds": {
			"version": "1.261.0",
			"resolved": "https://registry.npmjs.org/tlds/-/tlds-1.261.0.tgz",
			"integrity": "sha512-QXqwfEl9ddlGBaRFXIvNKK6OhipSiLXuRuLJX5DErz0o0Q0rYxulWLdFryTkV5PkdZct5iMInwYEGe/eR++1AA=="
		},
		"uc.micro": {
			"version": "2.0.0",
			"resolved": "https://registry.npmjs.org/uc.micro/-/uc.micro-2.0.0.tgz",
			"integrity": "sha512-DffL94LsNOccVn4hyfRe5rdKa273swqeA5DJpMOeFmEn1wCDc7nAbbB0gXlgBCL7TNzeTv6G7XVWzan7iJtfig=="
		},
		"undici": {
			"version": "7.29.0",
			"resolved": "https://registry.npmjs.org/undici/-/undici-7.29.0.tgz",
			"integrity": "sha512-IDxfleLmmbSskfWSUATiN1nfn2rDuvnMOqb5CWR92iIfojA0Ud+ulOAAEQ57LPr9rWmsreUyf5lwyao+7GNNVw=="
		},
		"undici-types": {
			"version": "5.26.5",
			"resolved": "https://registry.npmjs.org/undici-types/-/undici-types-5.26.5.tgz",
			"integrity": "sha512-JlCMO+ehdEIKqlFxk6IfVoAUVmgz7cU7zD/h9XZ0qzeosSHmUJVOzSQvvYSYWXkFXC+IfLKSIffhv0sVZup6pA==",
			"dev": true
		},
		"whatwg-encoding": {
			"version": "3.1.1",
			"resolved": "https://registry.npmjs.org/whatwg-encoding/-/whatwg-encoding-3.1.1.tgz",
			"integrity": "sha512-6qN4hJdMwfYBtE3YBTTHhoeuUrDBPZmbQaxWAqSALV/MeEnR5z1xd8UKud2RAkFoPkmB+hli1TZSnyi84xz1vQ==",
			"requires": {
				"iconv-lite": "0.6.3"
			}
		},
		"whatwg-mimetype": {
			"version": "4.0.0",
			"resolved": "https://registry.npmjs.org/whatwg-mimetype/-/whatwg-mimetype-4.0.0.tgz",
			"integrity": "sha512-QaKxh0eNIi2mE9p2vEdzfagOKHCcj1pJ56EEHGQOVxp8r9/iszLUUV7v89x9O1p/T+NlTM5W7jW6+cz4Fq1YVg=="
		}
	}
}
