{
	"name": "kindle-email-to-json",
	"version": "2.0.3",
	"lockfileVersion": 2,
	"requires": true,
	"packages": {
		"": {
			"name": "kindle-email-to-json",
			"version": "2.0.3",
			"license": "MIT",
			"dependencies": {
				"cheerio": "1.0.0-rc.12",
				"mailparser": "^3.6.2"
			},
			"devDependencies": {
				"@types/node": "^18.8.4"
			}
		},
		"node_modules/@selderee/plugin-htmlparser2": {
			"version": "0.11.0",
			"resolved": "https://registry.npmjs.org/@selderee/plugin-htmlparser2/-/plugin-htmlparser2-0.11.0.tgz",
			"integrity": "sha512-P33hHGdldxGabLFjPPpaTxVolMrzrcegejx+0GxjrIb9Zv48D8yAIA/QTDR2dFl7Uz7urX8aX6+5bCZslr+gWQ==",
			"dependencies": {
				"domhandler": "^5.0.3",
				"selderee": "^0.11.0"
			},
			"funding": {
				"url": "https://ko-fi.com/killymxi"
			}
		},
		"node_modules/@types/node": {
			"version": "18.16.20",
			"resolved": "https://registry.npmjs.org/@types/node/-/node-18.16.20.tgz",
			"integrity": "sha512-nL54VfDjThdP2UXJXZao5wp76CDiDw4zSRO8d4Tk7UgDqNKGKVEQB0/t3ti63NS+YNNkIQDvwEAF04BO+WYu7Q==",
			"dev": true
		},
		"node_modules/boolbase": {
			"version": "1.0.0",
			"resolved": "https://registry.npmjs.org/boolbase/-/boolbase-1.0.0.tgz",
			"integrity": "sha512-JZOSA7Mo9sNGB8+UjSgzdLtokWAky1zbztM3WRLCbZ70/3cTANmQmOdR7y2g+J0e2WXywy1yS468tY+IruqEww=="
		},
		"node_modules/cheerio": {
			"version": "1.0.0-rc.12",
			"resolved": "https://registry.npmjs.org/cheerio/-/cheerio-1.0.0-rc.12.tgz",
			"integrity": "sha512-VqR8m68vM46BNnuZ5NtnGBKIE/DfN0cRIzg9n40EIq9NOv90ayxLBXA8fXC5gquFRGJSTRqBq25Jt2ECLR431Q==",
			"dependencies": {
				"cheerio-select": "^2.1.0",
				"dom-serializer": "^2.0.0",
				"domhandler": "^5.0.3",
				"domutils": "^3.0.1",
				"htmlparser2": "^8.0.1",
				"parse5": "^7.0.0",
				"parse5-htmlparser2-tree-adapter": "^7.0.0"
			},
			"engines": {
				"node": ">= 6"
			},
			"funding": {
				"url": "https://github.com/cheeriojs/cheerio?sponsor=1"
			}
		},
		"node_modules/cheerio-select": {
			"version": "2.1.0",
			"resolved": "https://registry.npmjs.org/cheerio-select/-/cheerio-select-2.1.0.tgz",
			"integrity": "sha512-9v9kG0LvzrlcungtnJtpGNxY+fzECQKhK4EGJX2vByejiMX84MFNQw4UxPJl3bFbTMw+Dfs37XaIkCwTZfLh4g==",
			"dependencies": {
				"boolbase": "^1.0.0",
				"css-select": "^5.1.0",
				"css-what": "^6.1.0",
				"domelementtype": "^2.3.0",
				"domhandler": "^5.0.3",
				"domutils": "^3.0.1"
			},
			"funding": {
				"url": "https://github.com/sponsors/fb55"
			}
		},
		"node_modules/cheerio/node_modules/parse5": {
			"version": "7.1.1",
			"resolved": "https://registry.npmjs.org/parse5/-/parse5-7.1.1.tgz",
			"integrity": "sha512-kwpuwzB+px5WUg9pyK0IcK/shltJN5/OVhQagxhCQNtT9Y9QRZqNY2e1cmbu/paRh5LMnz/oVTVLBpjFmMZhSg==",
			"dependencies": {
				"entities": "^4.4.0"
			},
			"funding": {
				"url": "https://github.com/inikulin/parse5?sponsor=1"
			}
		},
		"node_modules/css-select": {
			"version": "5.1.0",
			"resolved": "https://registry.npmjs.org/css-select/-/css-select-5.1.0.tgz",
			"integrity": "sha512-nwoRF1rvRRnnCqqY7updORDsuqKzqYJ28+oSMaJMMgOauh3fvwHqMS7EZpIPqK8GL+g9mKxF1vP/ZjSeNjEVHg==",
			"dependencies": {
				"boolbase": "^1.0.0",
				"css-what": "^6.1.0",
				"domhandler": "^5.0.2",
				"domutils": "^3.0.1",
				"nth-check": "^2.0.1"
			},
			"funding": {
				"url": "https://github.com/sponsors/fb55"
			}
		},
		"node_modules/css-what": {
			"version": "6.1.0",
			"resolved": "https://registry.npmjs.org/css-what/-/css-what-6.1.0.tgz",
			"integrity": "sha512-HTUrgRJ7r4dsZKU6GjmpfRK1O76h97Z8MfS1G0FozR+oF2kG6Vfe8JE6zwrkbxigziPHinCJ+gCPjA9EaBDtRw==",
			"engines": {
				"node": ">= 6"
			},
			"funding": {
				"url": "https://github.com/sponsors/fb55"
			}
		},
		"node_modules/deepmerge": {
			"version": "4.3.1",
			"resolved": "https://registry.npmjs.org/deepmerge/-/deepmerge-4.3.1.tgz",
			"integrity": "sha512-3sUqbMEc77XqpdNO7FRyRog+eW3ph+GYCbj+rK+uYyRMuwsVy0rMiVtPn+QJlKFvWP/1PYpapqYn0Me2knFn+A==",
			"engines": {
				"node": ">=0.10.0"
			}
		},
		"node_modules/dom-serializer": {
			"version": "2.0.0",
			"resolved": "https://registry.npmjs.org/dom-serializer/-/dom-serializer-2.0.0.tgz",
			"integrity": "sha512-wIkAryiqt/nV5EQKqQpo3SToSOV9J0DnbJqwK7Wv/Trc92zIAYZ4FlMu+JPFW1DfGFt81ZTCGgDEabffXeLyJg==",
			"dependencies": {
				"domelementtype": "^2.3.0",
				"domhandler": "^5.0.2",
				"entities": "^4.2.0"
			},
			"funding": {
				"url": "https://github.com/cheeriojs/dom-serializer?sponsor=1"
			}
		},
		"node_modules/domelementtype": {
			"version": "2.3.0",
			"resolved": "https://registry.npmjs.org/domelementtype/-/domelementtype-2.3.0.tgz",
			"integrity": "sha512-OLETBj6w0OsagBwdXnPdN0cnMfF9opN69co+7ZrbfPGrdpPVNBUj02spi6B1N7wChLQiPn4CSH/zJvXw56gmHw==",
			"funding": [
				{
					"type": "github",
					"url": "https://github.com/sponsors/fb55"
				}
			]
		},
		"node_modules/domhandler": {
			"version": "5.0.3",
			"resolved": "https://registry.npmjs.org/domhandler/-/domhandler-5.0.3.tgz",
			"integrity": "sha512-cgwlv/1iFQiFnU96XXgROh8xTeetsnJiDsTc7TYCLFd9+/WNkIqPTxiM/8pSd8VIrhXGTf1Ny1q1hquVqDJB5w==",
			"dependencies": {
				"domelementtype": "^2.3.0"
			},
			"engines": {
				"node": ">= 4"
			},
			"funding": {
				"url": "https://github.com/fb55/domhandler?sponsor=1"
			}
		},
		"node_modules/domutils": {
			"version": "3.0.1",
			"resolved": "https://registry.npmjs.org/domutils/-/domutils-3.0.1.tgz",
			"integrity": "sha512-z08c1l761iKhDFtfXO04C7kTdPBLi41zwOZl00WS8b5eiaebNpY00HKbztwBq+e3vyqWNwWF3mP9YLUeqIrF+Q==",
			"dependencies": {
				"dom-serializer": "^2.0.0",
				"domelementtype": "^2.3.0",
				"domhandler": "^5.0.1"
			},
			"funding": {
				"url": "https://github.com/fb55/domutils?sponsor=1"
			}
		},
		"node_modules/encoding-japanese": {
			"version": "2.0.0",
			"resolved": "https://registry.npmjs.org/encoding-japanese/-/encoding-japanese-2.0.0.tgz",
			"integrity": "sha512-++P0RhebUC8MJAwJOsT93dT+5oc5oPImp1HubZpAuCZ5kTLnhuuBhKHj2jJeO/Gj93idPBWmIuQ9QWMe5rX3pQ==",
			"engines": {
				"node": ">=8.10.0"
			}
		},
		"node_modules/entities": {
			"version": "4.4.0",
			"resolved": "https://registry.npmjs.org/entities/-/entities-4.4.0.tgz",
			"integrity": "sha512-oYp7156SP8LkeGD0GF85ad1X9Ai79WtRsZ2gxJqtBuzH+98YUV6jkHEKlZkMbcrjJjIVJNIDP/3WL9wQkoPbWA==",
			"engines": {
				"node": ">=0.12"
			},
			"funding": {
				"url": "https://github.com/fb55/entities?sponsor=1"
			}
		},
		"node_modules/he": {
			"version": "1.2.0",
			"resolved": "https://registry.npmjs.org/he/-/he-1.2.0.tgz",
			"integrity": "sha512-F/1DnUGPopORZi0ni+CvrCgHQ5FyEAHRLSApuYWMmrbSwoN2Mn/7k+Gl38gJnR7yyDZk6WLXwiGod1JOWNDKGw==",
			"bin": {
				"he": "bin/he"
			}
		},
		"node_modules/html-to-text": {
			"version": "9.0.5",
			"resolved": "https://registry.npmjs.org/html-to-text/-/html-to-text-9.0.5.tgz",
			"integrity": "sha512-qY60FjREgVZL03vJU6IfMV4GDjGBIoOyvuFdpBDIX9yTlDw0TjxVBQp+P8NvpdIXNJvfWBTNul7fsAQJq2FNpg==",
			"dependencies": {
				"@selderee/plugin-htmlparser2": "^0.11.0",
				"deepmerge": "^4.3.1",
				"dom-serializer": "^2.0.0",
				"htmlparser2": "^8.0.2",
				"selderee": "^0.11.0"
			},
			"engines": {
				"node": ">=14"
			}
		},
		"node_modules/htmlparser2": {
			"version": "8.0.2",
			"resolved": "https://registry.npmjs.org/htmlparser2/-/htmlparser2-8.0.2.tgz",
			"integrity": "sha512-GYdjWKDkbRLkZ5geuHs5NY1puJ+PXwP7+fHPRz06Eirsb9ugf6d8kkXav6ADhcODhFFPMIXyxkxSuMf3D6NCFA==",
			"funding": [
				"https://github.com/fb55/htmlparser2?sponsor=1",
				{
					"type": "github",
					"url": "https://github.com/sponsors/fb55"
				}
			],
			"dependencies": {
				"domelementtype": "^2.3.0",
				"domhandler": "^5.0.3",
				"domutils": "^3.0.1",
				"entities": "^4.4.0"
			}
		},
		"node_modules/iconv-lite": {
			"version": "0.6.3",
			"resolved": "https://registry.npmjs.org/iconv-lite/-/iconv-lite-0.6.3.tgz",
			"integrity": "sha512-4fCk79wshMdzMp2rH06qWrJE4iolqLhCUH+OiuIgU++RB0+94NlDL81atO7GX55uUKueo0txHNtvEyI6D7WdMw==",
			"dependencies": {
				"safer-buffer": ">= 2.1.2 < 3.0.0"
			},
			"engines": {
				"node": ">=0.10.0"
			}
		},
		"node_modules/leac": {
			"version": "0.6.0",
			"resolved": "https://registry.npmjs.org/leac/-/leac-0.6.0.tgz",
			"integrity": "sha512-y+SqErxb8h7nE/fiEX07jsbuhrpO9lL8eca7/Y1nuWV2moNlXhyd59iDGcRf6moVyDMbmTNzL40SUyrFU/yDpg==",
			"funding": {
				"url": "https://ko-fi.com/killymxi"
			}
		},
		"node_modules/libbase64": {
			"version": "1.2.1",
			"resolved": "https://registry.npmjs.org/libbase64/-/libbase64-1.2.1.tgz",
			"integrity": "sha512-l+nePcPbIG1fNlqMzrh68MLkX/gTxk/+vdvAb388Ssi7UuUN31MI44w4Yf33mM3Cm4xDfw48mdf3rkdHszLNew=="
		},
		"node_modules/libmime": {
			"version": "5.2.0",
			"resolved": "https://registry.npmjs.org/libmime/-/libmime-5.2.0.tgz",
			"integrity": "sha512-X2U5Wx0YmK0rXFbk67ASMeqYIkZ6E5vY7pNWRKtnNzqjvdYYG8xtPDpCnuUEnPU9vlgNev+JoSrcaKSUaNvfsw==",
			"dependencies": {
				"encoding-japanese": "2.0.0",
				"iconv-lite": "0.6.3",
				"libbase64": "1.2.1",
				"libqp": "2.0.1"
			}
		},
		"node_modules/libqp": {
			"version": "2.0.1",
			"resolved": "https://registry.npmjs.org/libqp/-/libqp-2.0.1.tgz",
			"integrity": "sha512-Ka0eC5LkF3IPNQHJmYBWljJsw0UvM6j+QdKRbWyCdTmYwvIDE6a7bCm0UkTAL/K+3KXK5qXT/ClcInU01OpdLg=="
		},
		"node_modules/linkify-it": {
			"version": "4.0.1",
			"resolved": "https://registry.npmjs.org/linkify-it/-/linkify-it-4.0.1.tgz",
			"integrity": "sha512-C7bfi1UZmoj8+PQx22XyeXCuBlokoyWQL5pWSP+EI6nzRylyThouddufc2c1NDIcP9k5agmN9fLpA7VNJfIiqw==",
			"dependencies": {
				"uc.micro": "^1.0.1"
			}
		},
		"node_modules/mailparser": {
			"version": "3.6.5",
			"resolved": "https://registry.npmjs.org/mailparser/-/mailparser-3.6.5.tgz",
			"integrity": "sha512-nteTpF0Khm5JLOnt4sigmzNdUH/6mO7PZ4KEnvxf4mckyXYFFhrtAWZzbq/V5aQMH+049gA7ZjfLdh+QiX2Uqg==",
			"dependencies": {
				"encoding-japanese": "2.0.0",
				"he": "1.2.0",
				"html-to-text": "9.0.5",
				"iconv-lite": "0.6.3",
				"libmime": "5.2.1",
				"linkify-it": "4.0.1",
				"mailsplit": "5.4.0",
				"nodemailer": "6.9.3",
				"tlds": "1.240.0"
			}
		},
		"node_modules/mailparser/node_modules/libmime": {
			"version": "5.2.1",
			"resolved": "https://registry.npmjs.org/libmime/-/libmime-5.2.1.tgz",
			"integrity": "sha512-A0z9O4+5q+ZTj7QwNe/Juy1KARNb4WaviO4mYeFC4b8dBT2EEqK2pkM+GC8MVnkOjqhl5nYQxRgnPYRRTNmuSQ==",
			"dependencies": {
				"encoding-japanese": "2.0.0",
				"iconv-lite": "0.6.3",
				"libbase64": "1.2.1",
				"libqp": "2.0.1"
			}
		},
		"node_modules/mailsplit": {
			"version": "5.4.0",
			"resolved": "https://registry.npmjs.org/mailsplit/-/mailsplit-5.4.0.tgz",
			"integrity": "sha512-wnYxX5D5qymGIPYLwnp6h8n1+6P6vz/MJn5AzGjZ8pwICWssL+CCQjWBIToOVHASmATot4ktvlLo6CyLfOXWYA==",
			"dependencies": {
				"libbase64": "1.2.1",
				"libmime": "5.2.0",
				"libqp": "2.0.1"
			}
		},
		"node_modules/nodemailer": {
			"version": "6.9.3",
			"resolved": "https://registry.npmjs.org/nodemailer/-/nodemailer-6.9.3.tgz",
			"integrity": "sha512-fy9v3NgTzBngrMFkDsKEj0r02U7jm6XfC3b52eoNV+GCrGj+s8pt5OqhiJdWKuw51zCTdiNR/IUD1z33LIIGpg==",
			"engines": {
				"node": ">=6.0.0"
			}
		},
		"node_modules/nth-check": {
			"version": "2.1.1",
			"resolved": "https://registry.npmjs.org/nth-check/-/nth-check-2.1.1.tgz",
			"integrity": "sha512-lqjrjmaOoAnWfMmBPL+XNnynZh2+swxiX3WUE0s4yEHI6m+AwrK2UZOimIRl3X/4QctVqS8AiZjFqyOGrMXb/w==",
			"dependencies": {
				"boolbase": "^1.0.0"
			},
			"funding": {
				"url": "https://github.com/fb55/nth-check?sponsor=1"
			}
		},
		"node_modules/parse5-htmlparser2-tree-adapter": {
			"version": "7.0.0",
			"resolved": "https://registry.npmjs.org/parse5-htmlparser2-tree-adapter/-/parse5-htmlparser2-tree-adapter-7.0.0.tgz",
			"integrity": "sha512-B77tOZrqqfUfnVcOrUvfdLbz4pu4RopLD/4vmu3HUPswwTA8OH0EMW9BlWR2B0RCoiZRAHEUu7IxeP1Pd1UU+g==",
			"dependencies": {
				"domhandler": "^5.0.2",
				"parse5": "^7.0.0"
			},
			"funding": {
				"url": "https://github.com/inikulin/parse5?sponsor=1"
			}
		},
		"node_modules/parse5-htmlparser2-tree-adapter/node_modules/parse5": {
			"version": "7.1.1",
			"resolved": "https://registry.npmjs.org/parse5/-/parse5-7.1.1.tgz",
			"integrity": "sha512-kwpuwzB+px5WUg9pyK0IcK/shltJN5/OVhQagxhCQNtT9Y9QRZqNY2e1cmbu/paRh5LMnz/oVTVLBpjFmMZhSg==",
			"dependencies": {
				"entities": "^4.4.0"
			},
			"funding": {
				"url": "https://github.com/inikulin/parse5?sponsor=1"
			}
		},
		"node_modules/parseley": {
			"version": "0.12.1",
			"resolved": "https://registry.npmjs.org/parseley/-/parseley-0.12.1.tgz",
			"integrity": "sha512-e6qHKe3a9HWr0oMRVDTRhKce+bRO8VGQR3NyVwcjwrbhMmFCX9KszEV35+rn4AdilFAq9VPxP/Fe1wC9Qjd2lw==",
			"dependencies": {
				"leac": "^0.6.0",
				"peberminta": "^0.9.0"
			},
			"funding": {
				"url": "https://ko-fi.com/killymxi"
			}
		},
		"node_modules/peberminta": {
			"version": "0.9.0",
			"resolved": "https://registry.npmjs.org/peberminta/-/peberminta-0.9.0.tgz",
			"integrity": "sha512-XIxfHpEuSJbITd1H3EeQwpcZbTLHc+VVr8ANI9t5sit565tsI4/xK3KWTUFE2e6QiangUkh3B0jihzmGnNrRsQ==",
			"funding": {
				"url": "https://ko-fi.com/killymxi"
			}
		},
		"node_modules/safer-buffer": {
			"version": "2.1.2",
			"resolved": "https://registry.npmjs.org/safer-buffer/-/safer-buffer-2.1.2.tgz",
			"integrity": "sha512-YZo3K82SD7Riyi0E1EQPojLz7kpepnSQI9IyPbHHg1XXXevb5dJI7tpyN2ADxGcQbHG7vcyRHk0cbwqcQriUtg=="
		},
		"node_modules/selderee": {
			"version": "0.11.0",
			"resolved": "https://registry.npmjs.org/selderee/-/selderee-0.11.0.tgz",
			"integrity": "sha512-5TF+l7p4+OsnP8BCCvSyZiSPc4x4//p5uPwK8TCnVPJYRmU2aYKMpOXvw8zM5a5JvuuCGN1jmsMwuU2W02ukfA==",
			"dependencies": {
				"parseley": "^0.12.0"
			},
			"funding": {
				"url": "https://ko-fi.com/killymxi"
			}
		},
		"node_modules/tlds": {
			"version": "1.240.0",
			"resolved": "https://registry.npmjs.org/tlds/-/tlds-1.240.0.tgz",
			"integrity": "sha512-1OYJQenswGZSOdRw7Bql5Qu7uf75b+F3HFBXbqnG/ifHa0fev1XcG+3pJf3pA/KC6RtHQzfKgIf1vkMlMG7mtQ==",
			"bin": {
				"tlds": "bin.js"
			}
		},
		"node_modules/uc.micro": {
			"version": "1.0.6",
			"resolved": "https://registry.npmjs.org/uc.micro/-/uc.micro-1.0.6.tgz",
			"integrity": "sha512-8Y75pvTYkLJW2hWQHXxoqRgV7qb9B+9vFEtidML+7koHUFapnVJAZ6cKs+Qjz5Aw3aZWHMC6u0wJE3At+nSGwA=="
		}
	},
	"dependencies": {
		"@selderee/plugin-htmlparser2": {
			"version": "0.11.0",
			"resolved": "https://registry.npmjs.org/@selderee/plugin-htmlparser2/-/plugin-htmlparser2-0.11.0.tgz",
			"integrity": "sha512-P33hHGdldxGabLFjPPpaTxVolMrzrcegejx+0GxjrIb9Zv48D8yAIA/QTDR2dFl7Uz7urX8aX6+5bCZslr+gWQ==",
			"requires": {
				"domhandler": "^5.0.3",
				"selderee": "^0.11.0"
			}
		},
		"@types/node": {
			"version": "18.16.20",
			"resolved": "https://registry.npmjs.org/@types/node/-/node-18.16.20.tgz",
			"integrity": "sha512-nL54VfDjThdP2UXJXZao5wp76CDiDw4zSRO8d4Tk7UgDqNKGKVEQB0/t3ti63NS+YNNkIQDvwEAF04BO+WYu7Q==",
			"dev": true
		},
		"boolbase": {
			"version": "1.0.0",
			"resolved": "https://registry.npmjs.org/boolbase/-/boolbase-1.0.0.tgz",
			"integrity": "sha512-JZOSA7Mo9sNGB8+UjSgzdLtokWAky1zbztM3WRLCbZ70/3cTANmQmOdR7y2g+J0e2WXywy1yS468tY+IruqEww=="
		},
		"cheerio": {
			"version": "1.0.0-rc.12",
			"resolved": "https://registry.npmjs.org/cheerio/-/cheerio-1.0.0-rc.12.tgz",
			"integrity": "sha512-VqR8m68vM46BNnuZ5NtnGBKIE/DfN0cRIzg9n40EIq9NOv90ayxLBXA8fXC5gquFRGJSTRqBq25Jt2ECLR431Q==",
			"requires": {
				"cheerio-select": "^2.1.0",
				"dom-serializer": "^2.0.0",
				"domhandler": "^5.0.3",
				"domutils": "^3.0.1",
				"htmlparser2": "^8.0.1",
				"parse5": "^7.0.0",
				"parse5-htmlparser2-tree-adapter": "^7.0.0"
			},
			"dependencies": {
				"parse5": {
					"version": "7.1.1",
					"resolved": "https://registry.npmjs.org/parse5/-/parse5-7.1.1.tgz",
					"integrity": "sha512-kwpuwzB+px5WUg9pyK0IcK/shltJN5/OVhQagxhCQNtT9Y9QRZqNY2e1cmbu/paRh5LMnz/oVTVLBpjFmMZhSg==",
					"requires": {
						"entities": "^4.4.0"
					}
				}
			}
		},
		"cheerio-select": {
			"version": "2.1.0",
			"resolved": "https://registry.npmjs.org/cheerio-select/-/cheerio-select-2.1.0.tgz",
			"integrity": "sha512-9v9kG0LvzrlcungtnJtpGNxY+fzECQKhK4EGJX2vByejiMX84MFNQw4UxPJl3bFbTMw+Dfs37XaIkCwTZfLh4g==",
			"requires": {
				"boolbase": "^1.0.0",
				"css-select": "^5.1.0",
				"css-what": "^6.1.0",
				"domelementtype": "^2.3.0",
				"domhandler": "^5.0.3",
				"domutils": "^3.0.1"
			}
		},
		"css-select": {
			"version": "5.1.0",
			"resolved": "https://registry.npmjs.org/css-select/-/css-select-5.1.0.tgz",
			"integrity": "sha512-nwoRF1rvRRnnCqqY7updORDsuqKzqYJ28+oSMaJMMgOauh3fvwHqMS7EZpIPqK8GL+g9mKxF1vP/ZjSeNjEVHg==",
			"requires": {
				"boolbase": "^1.0.0",
				"css-what": "^6.1.0",
				"domhandler": "^5.0.2",
				"domutils": "^3.0.1",
				"nth-check": "^2.0.1"
			}
		},
		"css-what": {
			"version": "6.1.0",
			"resolved": "https://registry.npmjs.org/css-what/-/css-what-6.1.0.tgz",
			"integrity": "sha512-HTUrgRJ7r4dsZKU6GjmpfRK1O76h97Z8MfS1G0FozR+oF2kG6Vfe8JE6zwrkbxigziPHinCJ+gCPjA9EaBDtRw=="
		},
		"deepmerge": {
			"version": "4.3.1",
			"resolved": "https://registry.npmjs.org/deepmerge/-/deepmerge-4.3.1.tgz",
			"integrity": "sha512-3sUqbMEc77XqpdNO7FRyRog+eW3ph+GYCbj+rK+uYyRMuwsVy0rMiVtPn+QJlKFvWP/1PYpapqYn0Me2knFn+A=="
		},
		"dom-serializer": {
			"version": "2.0.0",
			"resolved": "https://registry.npmjs.org/dom-serializer/-/dom-serializer-2.0.0.tgz",
			"integrity": "sha512-wIkAryiqt/nV5EQKqQpo3SToSOV9J0DnbJqwK7Wv/Trc92zIAYZ4FlMu+JPFW1DfGFt81ZTCGgDEabffXeLyJg==",
			"requires": {
				"domelementtype": "^2.3.0",
				"domhandler": "^5.0.2",
				"entities": "^4.2.0"
			}
		},
		"domelementtype": {
			"version": "2.3.0",
			"resolved": "https://registry.npmjs.org/domelementtype/-/domelementtype-2.3.0.tgz",
			"integrity": "sha512-OLETBj6w0OsagBwdXnPdN0cnMfF9opN69co+7ZrbfPGrdpPVNBUj02spi6B1N7wChLQiPn4CSH/zJvXw56gmHw=="
		},
		"domhandler": {
			"version": "5.0.3",
			"resolved": "https://registry.npmjs.org/domhandler/-/domhandler-5.0.3.tgz",
			"integrity": "sha512-cgwlv/1iFQiFnU96XXgROh8xTeetsnJiDsTc7TYCLFd9+/WNkIqPTxiM/8pSd8VIrhXGTf1Ny1q1hquVqDJB5w==",
			"requires": {
				"domelementtype": "^2.3.0"
			}
		},
		"domutils": {
			"version": "3.0.1",
			"resolved": "https://registry.npmjs.org/domutils/-/domutils-3.0.1.tgz",
			"integrity": "sha512-z08c1l761iKhDFtfXO04C7kTdPBLi41zwOZl00WS8b5eiaebNpY00HKbztwBq+e3vyqWNwWF3mP9YLUeqIrF+Q==",
			"requires": {
				"dom-serializer": "^2.0.0",
				"domelementtype": "^2.3.0",
				"domhandler": "^5.0.1"
			}
		},
		"encoding-japanese": {
			"version": "2.0.0",
			"resolved": "https://registry.npmjs.org/encoding-japanese/-/encoding-japanese-2.0.0.tgz",
			"integrity": "sha512-++P0RhebUC8MJAwJOsT93dT+5oc5oPImp1HubZpAuCZ5kTLnhuuBhKHj2jJeO/Gj93idPBWmIuQ9QWMe5rX3pQ=="
		},
		"entities": {
			"version": "4.4.0",
			"resolved": "https://registry.npmjs.org/entities/-/entities-4.4.0.tgz",
			"integrity": "sha512-oYp7156SP8LkeGD0GF85ad1X9Ai79WtRsZ2gxJqtBuzH+98YUV6jkHEKlZkMbcrjJjIVJNIDP/3WL9wQkoPbWA=="
		},
		"he": {
			"version": "1.2.0",
			"resolved": "https://registry.npmjs.org/he/-/he-1.2.0.tgz",
			"integrity": "sha512-F/1DnUGPopORZi0ni+CvrCgHQ5FyEAHRLSApuYWMmrbSwoN2Mn/7k+Gl38gJnR7yyDZk6WLXwiGod1JOWNDKGw=="
		},
		"html-to-text": {
			"version": "9.0.5",
			"resolved": "https://registry.npmjs.org/html-to-text/-/html-to-text-9.0.5.tgz",
			"integrity": "sha512-qY60FjREgVZL03vJU6IfMV4GDjGBIoOyvuFdpBDIX9yTlDw0TjxVBQp+P8NvpdIXNJvfWBTNul7fsAQJq2FNpg==",
			"requires": {
				"@selderee/plugin-htmlparser2": "^0.11.0",
				"deepmerge": "^4.3.1",
				"dom-serializer": "^2.0.0",
				"htmlparser2": "^8.0.2",
				"selderee": "^0.11.0"
			}
		},
		"htmlparser2": {
			"version": "8.0.2",
			"resolved": "https://registry.npmjs.org/htmlparser2/-/htmlparser2-8.0.2.tgz",
			"integrity": "sha512-GYdjWKDkbRLkZ5geuHs5NY1puJ+PXwP7+fHPRz06Eirsb9ugf6d8kkXav6ADhcODhFFPMIXyxkxSuMf3D6NCFA==",
			"requires": {
				"domelementtype": "^2.3.0",
				"domhandler": "^5.0.3",
				"domutils": "^3.0.1",
				"entities": "^4.4.0"
			}
		},
		"iconv-lite": {
			"version": "0.6.3",
			"resolved": "https://registry.npmjs.org/iconv-lite/-/iconv-lite-0.6.3.tgz",
			"integrity": "sha512-4fCk79wshMdzMp2rH06qWrJE4iolqLhCUH+OiuIgU++RB0+94NlDL81atO7GX55uUKueo0txHNtvEyI6D7WdMw==",
			"requires": {
				"safer-buffer": ">= 2.1.2 < 3.0.0"
			}
		},
		"leac": {
			"version": "0.6.0",
			"resolved": "https://registry.npmjs.org/leac/-/leac-0.6.0.tgz",
			"integrity": "sha512-y+SqErxb8h7nE/fiEX07jsbuhrpO9lL8eca7/Y1nuWV2moNlXhyd59iDGcRf6moVyDMbmTNzL40SUyrFU/yDpg=="
		},
		"libbase64": {
			"version": "1.2.1",
			"resolved": "https://registry.npmjs.org/libbase64/-/libbase64-1.2.1.tgz",
			"integrity": "sha512-l+nePcPbIG1fNlqMzrh68MLkX/gTxk/+vdvAb388Ssi7UuUN31MI44w4Yf33mM3Cm4xDfw48mdf3rkdHszLNew=="
		},
		"libmime": {
			"version": "5.2.0",
			"resolved": "https://registry.npmjs.org/libmime/-/libmime-5.2.0.tgz",
			"integrity": "sha512-X2U5Wx0YmK0rXFbk67ASMeqYIkZ6E5vY7pNWRKtnNzqjvdYYG8xtPDpCnuUEnPU9vlgNev+JoSrcaKSUaNvfsw==",
			"requires": {
				"encoding-japanese": "2.0.0",
				"iconv-lite": "0.6.3",
				"libbase64": "1.2.1",
				"libqp": "2.0.1"
			}
		},
		"libqp": {
			"version": "2.0.1",
			"resolved": "https://registry.npmjs.org/libqp/-/libqp-2.0.1.tgz",
			"integrity": "sha512-Ka0eC5LkF3IPNQHJmYBWljJsw0UvM6j+QdKRbWyCdTmYwvIDE6a7bCm0UkTAL/K+3KXK5qXT/ClcInU01OpdLg=="
		},
		"linkify-it": {
			"version": "4.0.1",
			"resolved": "https://registry.npmjs.org/linkify-it/-/linkify-it-4.0.1.tgz",
			"integrity": "sha512-C7bfi1UZmoj8+PQx22XyeXCuBlokoyWQL5pWSP+EI6nzRylyThouddufc2c1NDIcP9k5agmN9fLpA7VNJfIiqw==",
			"requires": {
				"uc.micro": "^1.0.1"
			}
		},
		"mailparser": {
			"version": "3.6.5",
			"resolved": "https://registry.npmjs.org/mailparser/-/mailparser-3.6.5.tgz",
			"integrity": "sha512-nteTpF0Khm5JLOnt4sigmzNdUH/6mO7PZ4KEnvxf4mckyXYFFhrtAWZzbq/V5aQMH+049gA7ZjfLdh+QiX2Uqg==",
			"requires": {
				"encoding-japanese": "2.0.0",
				"he": "1.2.0",
				"html-to-text": "9.0.5",
				"iconv-lite": "0.6.3",
				"libmime": "5.2.1",
				"linkify-it": "4.0.1",
				"mailsplit": "5.4.0",
				"nodemailer": "6.9.3",
				"tlds": "1.240.0"
			},
			"dependencies": {
				"libmime": {
					"version": "5.2.1",
					"resolved": "https://registry.npmjs.org/libmime/-/libmime-5.2.1.tgz",
					"integrity": "sha512-A0z9O4+5q+ZTj7QwNe/Juy1KARNb4WaviO4mYeFC4b8dBT2EEqK2pkM+GC8MVnkOjqhl5nYQxRgnPYRRTNmuSQ==",
					"requires": {
						"encoding-japanese": "2.0.0",
						"iconv-lite": "0.6.3",
						"libbase64": "1.2.1",
						"libqp": "2.0.1"
					}
				}
			}
		},
		"mailsplit": {
			"version": "5.4.0",
			"resolved": "https://registry.npmjs.org/mailsplit/-/mailsplit-5.4.0.tgz",
			"integrity": "sha512-wnYxX5D5qymGIPYLwnp6h8n1+6P6vz/MJn5AzGjZ8pwICWssL+CCQjWBIToOVHASmATot4ktvlLo6CyLfOXWYA==",
			"requires": {
				"libbase64": "1.2.1",
				"libmime": "5.2.0",
				"libqp": "2.0.1"
			}
		},
		"nodemailer": {
			"version": "6.9.3",
			"resolved": "https://registry.npmjs.org/nodemailer/-/nodemailer-6.9.3.tgz",
			"integrity": "sha512-fy9v3NgTzBngrMFkDsKEj0r02U7jm6XfC3b52eoNV+GCrGj+s8pt5OqhiJdWKuw51zCTdiNR/IUD1z33LIIGpg=="
		},
		"nth-check": {
			"version": "2.1.1",
			"resolved": "https://registry.npmjs.org/nth-check/-/nth-check-2.1.1.tgz",
			"integrity": "sha512-lqjrjmaOoAnWfMmBPL+XNnynZh2+swxiX3WUE0s4yEHI6m+AwrK2UZOimIRl3X/4QctVqS8AiZjFqyOGrMXb/w==",
			"requires": {
				"boolbase": "^1.0.0"
			}
		},
		"parse5-htmlparser2-tree-adapter": {
			"version": "7.0.0",
			"resolved": "https://registry.npmjs.org/parse5-htmlparser2-tree-adapter/-/parse5-htmlparser2-tree-adapter-7.0.0.tgz",
			"integrity": "sha512-B77tOZrqqfUfnVcOrUvfdLbz4pu4RopLD/4vmu3HUPswwTA8OH0EMW9BlWR2B0RCoiZRAHEUu7IxeP1Pd1UU+g==",
			"requires": {
				"domhandler": "^5.0.2",
				"parse5": "^7.0.0"
			},
			"dependencies": {
				"parse5": {
					"version": "7.1.1",
					"resolved": "https://registry.npmjs.org/parse5/-/parse5-7.1.1.tgz",
					"integrity": "sha512-kwpuwzB+px5WUg9pyK0IcK/shltJN5/OVhQagxhCQNtT9Y9QRZqNY2e1cmbu/paRh5LMnz/oVTVLBpjFmMZhSg==",
					"requires": {
						"entities": "^4.4.0"
					}
				}
			}
		},
		"parseley": {
			"version": "0.12.1",
			"resolved": "https://registry.npmjs.org/parseley/-/parseley-0.12.1.tgz",
			"integrity": "sha512-e6qHKe3a9HWr0oMRVDTRhKce+bRO8VGQR3NyVwcjwrbhMmFCX9KszEV35+rn4AdilFAq9VPxP/Fe1wC9Qjd2lw==",
			"requires": {
				"leac": "^0.6.0",
				"peberminta": "^0.9.0"
			}
		},
		"peberminta": {
			"version": "0.9.0",
			"resolved": "https://registry.npmjs.org/peberminta/-/peberminta-0.9.0.tgz",
			"integrity": "sha512-XIxfHpEuSJbITd1H3EeQwpcZbTLHc+VVr8ANI9t5sit565tsI4/xK3KWTUFE2e6QiangUkh3B0jihzmGnNrRsQ=="
		},
		"safer-buffer": {
			"version": "2.1.2",
			"resolved": "https://registry.npmjs.org/safer-buffer/-/safer-buffer-2.1.2.tgz",
			"integrity": "sha512-YZo3K82SD7Riyi0E1EQPojLz7kpepnSQI9IyPbHHg1XXXevb5dJI7tpyN2ADxGcQbHG7vcyRHk0cbwqcQriUtg=="
		},
		"selderee": {
			"version": "0.11.0",
			"resolved": "https://registry.npmjs.org/selderee/-/selderee-0.11.0.tgz",
			"integrity": "sha512-5TF+l7p4+OsnP8BCCvSyZiSPc4x4//p5uPwK8TCnVPJYRmU2aYKMpOXvw8zM5a5JvuuCGN1jmsMwuU2W02ukfA==",
			"requires": {
				"parseley": "^0.12.0"
			}
		},
		"tlds": {
			"version": "1.240.0",
			"resolved": "https://registry.npmjs.org/tlds/-/tlds-1.240.0.tgz",
			"integrity": "sha512-1OYJQenswGZSOdRw7Bql5Qu7uf75b+F3HFBXbqnG/ifHa0fev1XcG+3pJf3pA/KC6RtHQzfKgIf1vkMlMG7mtQ=="
		},
		"uc.micro": {
			"version": "1.0.6",
			"resolved": "https://registry.npmjs.org/uc.micro/-/uc.micro-1.0.6.tgz",
			"integrity": "sha512-8Y75pvTYkLJW2hWQHXxoqRgV7qb9B+9vFEtidML+7koHUFapnVJAZ6cKs+Qjz5Aw3aZWHMC6u0wJE3At+nSGwA=="
		}
	}
}
