{
	"name": "highlights.sawyerh.com",
	"version": "2.0.0",
	"lockfileVersion": 3,
	"requires": true,
	"packages": {
		"": {
			"name": "highlights.sawyerh.com",
			"version": "2.0.0",
			"dependencies": {
				"@next/font": "^13.1.0",
				"classnames": "^2.3.2",
				"next": "^13.1.0",
				"react": "^18.2.0",
				"react-dom": "^18.2.0",
				"server-only": "^0.0.1",
				"tailwindcss": "^3.2.4"
			},
			"devDependencies": {
				"@types/node": "18.11.17",
				"@types/react": "^18.0.26",
				"autoprefixer": "^10.4.13",
				"postcss": "^8.4.20",
				"typescript": "^4.9.4"
			},
			"engines": {
				"node": ">=16.8.0"
			}
		},
		"node_modules/@next/env": {
			"version": "13.1.0",
			"resolved": "https://registry.npmjs.org/@next/env/-/env-13.1.0.tgz",
			"integrity": "sha512-6iNixFzCndH+Bl4FetQzOMjxCJqg8fs0LAlZviig1K6mIjOWH2m2oPcHcOg1Ta5VCe7Bx5KG1Hs+NrWDUkBt9A=="
		},
		"node_modules/@next/font": {
			"version": "13.1.0",
			"resolved": "https://registry.npmjs.org/@next/font/-/font-13.1.0.tgz",
			"integrity": "sha512-9+c2eWoeLftcGAul1fiXD8lL4o4/0beQrz2/0h0B0VV5AWrqCCfj/204quUxdp541ab+NCWVX/m49qjbqFMaFA=="
		},
		"node_modules/@next/swc-android-arm-eabi": {
			"version": "13.1.0",
			"resolved": "https://registry.npmjs.org/@next/swc-android-arm-eabi/-/swc-android-arm-eabi-13.1.0.tgz",
			"integrity": "sha512-ANBZZRjZBV+Sii11ZVxbxSvfIi6dZwu4w+XnJBDmz+0/wtAigpjYWyMkuWZ/RCD7INdusOlU4EgJ99WzWGIDjA==",
			"cpu": [
				"arm"
			],
			"optional": true,
			"os": [
				"android"
			],
			"engines": {
				"node": ">= 10"
			}
		},
		"node_modules/@next/swc-android-arm64": {
			"version": "13.1.0",
			"resolved": "https://registry.npmjs.org/@next/swc-android-arm64/-/swc-android-arm64-13.1.0.tgz",
			"integrity": "sha512-nPwbkS3aZjCIe61wztgjXjIeylijOP8uGtDGjjJVUF3B/5GLVx3ngZu6tjPTMEgaLM0u//HuGK+aZolWUQWE4g==",
			"cpu": [
				"arm64"
			],
			"optional": true,
			"os": [
				"android"
			],
			"engines": {
				"node": ">= 10"
			}
		},
		"node_modules/@next/swc-darwin-arm64": {
			"version": "13.1.0",
			"resolved": "https://registry.npmjs.org/@next/swc-darwin-arm64/-/swc-darwin-arm64-13.1.0.tgz",
			"integrity": "sha512-0hUydiAW18jK2uGPnZRdnRQtdB/3ZoPo84A6zH7MJHxAWw9lzVsv3kMg9kgVBBlrivzqdNN8rdgA+eYNxzXU9w==",
			"cpu": [
				"arm64"
			],
			"optional": true,
			"os": [
				"darwin"
			],
			"engines": {
				"node": ">= 10"
			}
		},
		"node_modules/@next/swc-darwin-x64": {
			"version": "13.1.0",
			"resolved": "https://registry.npmjs.org/@next/swc-darwin-x64/-/swc-darwin-x64-13.1.0.tgz",
			"integrity": "sha512-3S3iQqJIysklj0Q9gnanuYMzF8H9p+fUVhvSHxVVLcKH4HsE8EGddNkXsaOyznL1kC6vGKw7h6uz1ojaXEafCA==",
			"cpu": [
				"x64"
			],
			"optional": true,
			"os": [
				"darwin"
			],
			"engines": {
				"node": ">= 10"
			}
		},
		"node_modules/@next/swc-freebsd-x64": {
			"version": "13.1.0",
			"resolved": "https://registry.npmjs.org/@next/swc-freebsd-x64/-/swc-freebsd-x64-13.1.0.tgz",
			"integrity": "sha512-wAgzwm/em48GIuWq3OYr0BpncMy7c+UA3hsyX+xKh/vb/sOIpQly7JTa+GNdk17s7kprhMfsgzPG3da36NLpkA==",
			"cpu": [
				"x64"
			],
			"optional": true,
			"os": [
				"freebsd"
			],
			"engines": {
				"node": ">= 10"
			}
		},
		"node_modules/@next/swc-linux-arm-gnueabihf": {
			"version": "13.1.0",
			"resolved": "https://registry.npmjs.org/@next/swc-linux-arm-gnueabihf/-/swc-linux-arm-gnueabihf-13.1.0.tgz",
			"integrity": "sha512-Cr2hzL7ad+4nj9KrR1Cz1RDcsWa61X6I7gc6PToRYIY4gL480Sijq19xo7dlXQPnr1viVzbNiNnNXZASHv7uvw==",
			"cpu": [
				"arm"
			],
			"optional": true,
			"os": [
				"linux"
			],
			"engines": {
				"node": ">= 10"
			}
		},
		"node_modules/@next/swc-linux-arm64-gnu": {
			"version": "13.1.0",
			"resolved": "https://registry.npmjs.org/@next/swc-linux-arm64-gnu/-/swc-linux-arm64-gnu-13.1.0.tgz",
			"integrity": "sha512-EjCIKfeZB9h72evL2yGNwBvE5Im96Zn7o2zxImlvCiUYb/xXDqn4hzhck035BSP3g3sGDLfijFTE1wKRyXIk4w==",
			"cpu": [
				"arm64"
			],
			"optional": true,
			"os": [
				"linux"
			],
			"engines": {
				"node": ">= 10"
			}
		},
		"node_modules/@next/swc-linux-arm64-musl": {
			"version": "13.1.0",
			"resolved": "https://registry.npmjs.org/@next/swc-linux-arm64-musl/-/swc-linux-arm64-musl-13.1.0.tgz",
			"integrity": "sha512-WAsZtCtPXlz/7/bnW9ryw856xEun+c6xSwZwbcvrMxtcSiW3z0LD91Nsj3AkexsjRtBjeEpNeVtDExqF2VKKSA==",
			"cpu": [
				"arm64"
			],
			"optional": true,
			"os": [
				"linux"
			],
			"engines": {
				"node": ">= 10"
			}
		},
		"node_modules/@next/swc-linux-x64-gnu": {
			"version": "13.1.0",
			"resolved": "https://registry.npmjs.org/@next/swc-linux-x64-gnu/-/swc-linux-x64-gnu-13.1.0.tgz",
			"integrity": "sha512-Tjd5gieI3X9vPce5yF+GsQxOl0jwUkyOrTR1g5PQr+bT/9Qos/yPL48H1L5ayEp0hxgLVPW7skGal7lVnAoVEQ==",
			"cpu": [
				"x64"
			],
			"optional": true,
			"os": [
				"linux"
			],
			"engines": {
				"node": ">= 10"
			}
		},
		"node_modules/@next/swc-linux-x64-musl": {
			"version": "13.1.0",
			"resolved": "https://registry.npmjs.org/@next/swc-linux-x64-musl/-/swc-linux-x64-musl-13.1.0.tgz",
			"integrity": "sha512-H9UMEQv40e9pkgdX4mCms0dDf2dimmZ6WXhDTWF/yIh9icgcsHaP73BJ9IFlgvh80wLiUgWZ3LAX4vXnXzidmg==",
			"cpu": [
				"x64"
			],
			"optional": true,
			"os": [
				"linux"
			],
			"engines": {
				"node": ">= 10"
			}
		},
		"node_modules/@next/swc-win32-arm64-msvc": {
			"version": "13.1.0",
			"resolved": "https://registry.npmjs.org/@next/swc-win32-arm64-msvc/-/swc-win32-arm64-msvc-13.1.0.tgz",
			"integrity": "sha512-LFFIKjW/cPl4wvG8HF/6oYPJZ+Jy32G3FUflC8UW1Od6W9yOSEvadhk9fMyDZN4cgsNOcVc3uVSMpcuuCpbDGw==",
			"cpu": [
				"arm64"
			],
			"optional": true,
			"os": [
				"win32"
			],
			"engines": {
				"node": ">= 10"
			}
		},
		"node_modules/@next/swc-win32-ia32-msvc": {
			"version": "13.1.0",
			"resolved": "https://registry.npmjs.org/@next/swc-win32-ia32-msvc/-/swc-win32-ia32-msvc-13.1.0.tgz",
			"integrity": "sha512-MBLaoHZSenMdxhB3Ww1VNEhjyPT3uLjzAi5Ygk48LLLbOGu5KxQolhINRrqGuJWqJRNWSJ9JSFBfJrZwQzrUew==",
			"cpu": [
				"ia32"
			],
			"optional": true,
			"os": [
				"win32"
			],
			"engines": {
				"node": ">= 10"
			}
		},
		"node_modules/@next/swc-win32-x64-msvc": {
			"version": "13.1.0",
			"resolved": "https://registry.npmjs.org/@next/swc-win32-x64-msvc/-/swc-win32-x64-msvc-13.1.0.tgz",
			"integrity": "sha512-fFTfIQvnmpbKoyh4v3ezlGqtERlgc2Sx8qJwPuYqoVi0V08wCx9wp2Iq1CINxP3UMHkEeNX7gYpDOd+9Cw9EiQ==",
			"cpu": [
				"x64"
			],
			"optional": true,
			"os": [
				"win32"
			],
			"engines": {
				"node": ">= 10"
			}
		},
		"node_modules/@nodelib/fs.scandir": {
			"version": "2.1.5",
			"resolved": "https://registry.npmjs.org/@nodelib/fs.scandir/-/fs.scandir-2.1.5.tgz",
			"integrity": "sha512-vq24Bq3ym5HEQm2NKCr3yXDwjc7vTsEThRDnkp2DK9p1uqLR+DHurm/NOTo0KG7HYHU7eppKZj3MyqYuMBf62g==",
			"dependencies": {
				"@nodelib/fs.stat": "2.0.5",
				"run-parallel": "^1.1.9"
			},
			"engines": {
				"node": ">= 8"
			}
		},
		"node_modules/@nodelib/fs.stat": {
			"version": "2.0.5",
			"resolved": "https://registry.npmjs.org/@nodelib/fs.stat/-/fs.stat-2.0.5.tgz",
			"integrity": "sha512-RkhPPp2zrqDAQA/2jNhnztcPAlv64XdhIp7a7454A5ovI7Bukxgt7MX7udwAu3zg1DcpPU0rz3VV1SeaqvY4+A==",
			"engines": {
				"node": ">= 8"
			}
		},
		"node_modules/@nodelib/fs.walk": {
			"version": "1.2.8",
			"resolved": "https://registry.npmjs.org/@nodelib/fs.walk/-/fs.walk-1.2.8.tgz",
			"integrity": "sha512-oGB+UxlgWcgQkgwo8GcEGwemoTFt3FIO9ababBmaGwXIoBKZ+GTy0pP185beGg7Llih/NSHSV2XAs1lnznocSg==",
			"dependencies": {
				"@nodelib/fs.scandir": "2.1.5",
				"fastq": "^1.6.0"
			},
			"engines": {
				"node": ">= 8"
			}
		},
		"node_modules/@swc/helpers": {
			"version": "0.4.14",
			"resolved": "https://registry.npmjs.org/@swc/helpers/-/helpers-0.4.14.tgz",
			"integrity": "sha512-4C7nX/dvpzB7za4Ql9K81xK3HPxCpHMgwTZVyf+9JQ6VUbn9jjZVN7/Nkdz/Ugzs2CSjqnL/UPXroiVBVHUWUw==",
			"dependencies": {
				"tslib": "^2.4.0"
			}
		},
		"node_modules/@types/node": {
			"version": "18.11.17",
			"resolved": "https://registry.npmjs.org/@types/node/-/node-18.11.17.tgz",
			"integrity": "sha512-HJSUJmni4BeDHhfzn6nF0sVmd1SMezP7/4F0Lq+aXzmp2xm9O7WXrUtHW/CHlYVtZUbByEvWidHqRtcJXGF2Ng==",
			"dev": true
		},
		"node_modules/@types/prop-types": {
			"version": "15.7.4",
			"dev": true,
			"license": "MIT"
		},
		"node_modules/@types/react": {
			"version": "18.0.26",
			"resolved": "https://registry.npmjs.org/@types/react/-/react-18.0.26.tgz",
			"integrity": "sha512-hCR3PJQsAIXyxhTNSiDFY//LhnMZWpNNr5etoCqx/iUfGc5gXWtQR2Phl908jVR6uPXacojQWTg4qRpkxTuGug==",
			"dev": true,
			"dependencies": {
				"@types/prop-types": "*",
				"@types/scheduler": "*",
				"csstype": "^3.0.2"
			}
		},
		"node_modules/@types/scheduler": {
			"version": "0.16.2",
			"dev": true,
			"license": "MIT"
		},
		"node_modules/acorn": {
			"version": "7.4.1",
			"resolved": "https://registry.npmjs.org/acorn/-/acorn-7.4.1.tgz",
			"integrity": "sha512-nQyp0o1/mNdbTO1PO6kHkwSrmgZ0MT/jCCpNiwbUjGoRN4dlBhqJtoQuCnEOKzgTVwg0ZWiCoQy6SxMebQVh8A==",
			"bin": {
				"acorn": "bin/acorn"
			},
			"engines": {
				"node": ">=0.4.0"
			}
		},
		"node_modules/acorn-node": {
			"version": "1.8.2",
			"resolved": "https://registry.npmjs.org/acorn-node/-/acorn-node-1.8.2.tgz",
			"integrity": "sha512-8mt+fslDufLYntIoPAaIMUe/lrbrehIiwmR3t2k9LljIzoigEPF27eLk2hy8zSGzmR/ogr7zbRKINMo1u0yh5A==",
			"dependencies": {
				"acorn": "^7.0.0",
				"acorn-walk": "^7.0.0",
				"xtend": "^4.0.2"
			}
		},
		"node_modules/acorn-walk": {
			"version": "7.2.0",
			"resolved": "https://registry.npmjs.org/acorn-walk/-/acorn-walk-7.2.0.tgz",
			"integrity": "sha512-OPdCF6GsMIP+Az+aWfAAOEt2/+iVDKE7oy6lJ098aoe59oAmK76qV6Gw60SbZ8jHuG2wH058GF4pLFbYamYrVA==",
			"engines": {
				"node": ">=0.4.0"
			}
		},
		"node_modules/anymatch": {
			"version": "3.1.2",
			"license": "ISC",
			"dependencies": {
				"normalize-path": "^3.0.0",
				"picomatch": "^2.0.4"
			},
			"engines": {
				"node": ">= 8"
			}
		},
		"node_modules/arg": {
			"version": "5.0.2",
			"resolved": "https://registry.npmjs.org/arg/-/arg-5.0.2.tgz",
			"integrity": "sha512-PYjyFOLKQ9y57JvQ6QLo8dAgNqswh8M1RMJYdQduT6xbWSgK36P/Z/v+p888pM69jMMfS8Xd8F6I1kQ/I9HUGg=="
		},
		"node_modules/autoprefixer": {
			"version": "10.4.13",
			"resolved": "https://registry.npmjs.org/autoprefixer/-/autoprefixer-10.4.13.tgz",
			"integrity": "sha512-49vKpMqcZYsJjwotvt4+h/BCjJVnhGwcLpDt5xkcaOG3eLrG/HUYLagrihYsQ+qrIBgIzX1Rw7a6L8I/ZA1Atg==",
			"dev": true,
			"funding": [
				{
					"type": "opencollective",
					"url": "https://opencollective.com/postcss/"
				},
				{
					"type": "tidelift",
					"url": "https://tidelift.com/funding/github/npm/autoprefixer"
				}
			],
			"dependencies": {
				"browserslist": "^4.21.4",
				"caniuse-lite": "^1.0.30001426",
				"fraction.js": "^4.2.0",
				"normalize-range": "^0.1.2",
				"picocolors": "^1.0.0",
				"postcss-value-parser": "^4.2.0"
			},
			"bin": {
				"autoprefixer": "bin/autoprefixer"
			},
			"engines": {
				"node": "^10 || ^12 || >=14"
			},
			"peerDependencies": {
				"postcss": "^8.1.0"
			}
		},
		"node_modules/binary-extensions": {
			"version": "2.2.0",
			"license": "MIT",
			"engines": {
				"node": ">=8"
			}
		},
		"node_modules/braces": {
			"version": "3.0.2",
			"license": "MIT",
			"dependencies": {
				"fill-range": "^7.0.1"
			},
			"engines": {
				"node": ">=8"
			}
		},
		"node_modules/browserslist": {
			"version": "4.21.4",
			"resolved": "https://registry.npmjs.org/browserslist/-/browserslist-4.21.4.tgz",
			"integrity": "sha512-CBHJJdDmgjl3daYjN5Cp5kbTf1mUhZoS+beLklHIvkOWscs83YAhLlF3Wsh/lciQYAcbBJgTOD44VtG31ZM4Hw==",
			"dev": true,
			"funding": [
				{
					"type": "opencollective",
					"url": "https://opencollective.com/browserslist"
				},
				{
					"type": "tidelift",
					"url": "https://tidelift.com/funding/github/npm/browserslist"
				}
			],
			"dependencies": {
				"caniuse-lite": "^1.0.30001400",
				"electron-to-chromium": "^1.4.251",
				"node-releases": "^2.0.6",
				"update-browserslist-db": "^1.0.9"
			},
			"bin": {
				"browserslist": "cli.js"
			},
			"engines": {
				"node": "^6 || ^7 || ^8 || ^9 || ^10 || ^11 || ^12 || >=13.7"
			}
		},
		"node_modules/camelcase-css": {
			"version": "2.0.1",
			"license": "MIT",
			"engines": {
				"node": ">= 6"
			}
		},
		"node_modules/caniuse-lite": {
			"version": "1.0.30001431",
			"funding": [
				{
					"type": "opencollective",
					"url": "https://opencollective.com/browserslist"
				},
				{
					"type": "tidelift",
					"url": "https://tidelift.com/funding/github/npm/caniuse-lite"
				}
			],
			"license": "CC-BY-4.0"
		},
		"node_modules/chokidar": {
			"version": "3.5.3",
			"funding": [
				{
					"type": "individual",
					"url": "https://paulmillr.com/funding/"
				}
			],
			"license": "MIT",
			"dependencies": {
				"anymatch": "~3.1.2",
				"braces": "~3.0.2",
				"glob-parent": "~5.1.2",
				"is-binary-path": "~2.1.0",
				"is-glob": "~4.0.1",
				"normalize-path": "~3.0.0",
				"readdirp": "~3.6.0"
			},
			"engines": {
				"node": ">= 8.10.0"
			},
			"optionalDependencies": {
				"fsevents": "~2.3.2"
			}
		},
		"node_modules/chokidar/node_modules/glob-parent": {
			"version": "5.1.2",
			"license": "ISC",
			"dependencies": {
				"is-glob": "^4.0.1"
			},
			"engines": {
				"node": ">= 6"
			}
		},
		"node_modules/classnames": {
			"version": "2.3.2",
			"resolved": "https://registry.npmjs.org/classnames/-/classnames-2.3.2.tgz",
			"integrity": "sha512-CSbhY4cFEJRe6/GQzIk5qXZ4Jeg5pcsP7b5peFSDpffpe1cqjASH/n9UTjBwOp6XpMSTwQ8Za2K5V02ueA7Tmw=="
		},
		"node_modules/client-only": {
			"version": "0.0.1",
			"resolved": "https://registry.npmjs.org/client-only/-/client-only-0.0.1.tgz",
			"integrity": "sha512-IV3Ou0jSMzZrd3pZ48nLkT9DA7Ag1pnPzaiQhpW7c3RbcqqzvzzVu+L8gfqMp/8IM2MQtSiqaCxrrcfu8I8rMA=="
		},
		"node_modules/color-name": {
			"version": "1.1.4",
			"license": "MIT"
		},
		"node_modules/cssesc": {
			"version": "3.0.0",
			"resolved": "https://registry.npmjs.org/cssesc/-/cssesc-3.0.0.tgz",
			"integrity": "sha512-/Tb/JcjK111nNScGob5MNtsntNM1aCNUDipB/TkwZFhyDrrE47SOx/18wF2bbjgc3ZzCSKW1T5nt5EbFoAz/Vg==",
			"bin": {
				"cssesc": "bin/cssesc"
			},
			"engines": {
				"node": ">=4"
			}
		},
		"node_modules/csstype": {
			"version": "3.0.10",
			"dev": true,
			"license": "MIT"
		},
		"node_modules/defined": {
			"version": "1.0.1",
			"resolved": "https://registry.npmjs.org/defined/-/defined-1.0.1.tgz",
			"integrity": "sha512-hsBd2qSVCRE+5PmNdHt1uzyrFu5d3RwmFDKzyNZMFq/EwDNJF7Ee5+D5oEKF0hU6LhtoUF1macFvOe4AskQC1Q==",
			"funding": {
				"url": "https://github.com/sponsors/ljharb"
			}
		},
		"node_modules/detective": {
			"version": "5.2.1",
			"resolved": "https://registry.npmjs.org/detective/-/detective-5.2.1.tgz",
			"integrity": "sha512-v9XE1zRnz1wRtgurGu0Bs8uHKFSTdteYZNbIPFVhUZ39L/S79ppMpdmVOZAnoz1jfEFodc48n6MX483Xo3t1yw==",
			"dependencies": {
				"acorn-node": "^1.8.2",
				"defined": "^1.0.0",
				"minimist": "^1.2.6"
			},
			"bin": {
				"detective": "bin/detective.js"
			},
			"engines": {
				"node": ">=0.8.0"
			}
		},
		"node_modules/didyoumean": {
			"version": "1.2.2",
			"license": "Apache-2.0"
		},
		"node_modules/dlv": {
			"version": "1.1.3",
			"license": "MIT"
		},
		"node_modules/electron-to-chromium": {
			"version": "1.4.284",
			"resolved": "https://registry.npmjs.org/electron-to-chromium/-/electron-to-chromium-1.4.284.tgz",
			"integrity": "sha512-M8WEXFuKXMYMVr45fo8mq0wUrrJHheiKZf6BArTKk9ZBYCKJEOU5H8cdWgDT+qCVZf7Na4lVUaZsA+h6uA9+PA==",
			"dev": true
		},
		"node_modules/escalade": {
			"version": "3.1.1",
			"dev": true,
			"license": "MIT",
			"engines": {
				"node": ">=6"
			}
		},
		"node_modules/fast-glob": {
			"version": "3.2.12",
			"resolved": "https://registry.npmjs.org/fast-glob/-/fast-glob-3.2.12.tgz",
			"integrity": "sha512-DVj4CQIYYow0BlaelwK1pHl5n5cRSJfM60UA0zK891sVInoPri2Ekj7+e1CT3/3qxXenpI+nBBmQAcJPJgaj4w==",
			"dependencies": {
				"@nodelib/fs.stat": "^2.0.2",
				"@nodelib/fs.walk": "^1.2.3",
				"glob-parent": "^5.1.2",
				"merge2": "^1.3.0",
				"micromatch": "^4.0.4"
			},
			"engines": {
				"node": ">=8.6.0"
			}
		},
		"node_modules/fast-glob/node_modules/glob-parent": {
			"version": "5.1.2",
			"resolved": "https://registry.npmjs.org/glob-parent/-/glob-parent-5.1.2.tgz",
			"integrity": "sha512-AOIgSQCepiJYwP3ARnGx+5VnTu2HBYdzbGP45eLw1vr3zB3vZLeyed1sC9hnbcOc9/SrMyM5RPQrkGz4aS9Zow==",
			"dependencies": {
				"is-glob": "^4.0.1"
			},
			"engines": {
				"node": ">= 6"
			}
		},
		"node_modules/fastq": {
			"version": "1.14.0",
			"resolved": "https://registry.npmjs.org/fastq/-/fastq-1.14.0.tgz",
			"integrity": "sha512-eR2D+V9/ExcbF9ls441yIuN6TI2ED1Y2ZcA5BmMtJsOkWOFRJQ0Jt0g1UwqXJJVAb+V+umH5Dfr8oh4EVP7VVg==",
			"dependencies": {
				"reusify": "^1.0.4"
			}
		},
		"node_modules/fill-range": {
			"version": "7.0.1",
			"license": "MIT",
			"dependencies": {
				"to-regex-range": "^5.0.1"
			},
			"engines": {
				"node": ">=8"
			}
		},
		"node_modules/fraction.js": {
			"version": "4.2.0",
			"resolved": "https://registry.npmjs.org/fraction.js/-/fraction.js-4.2.0.tgz",
			"integrity": "sha512-MhLuK+2gUcnZe8ZHlaaINnQLl0xRIGRfcGk2yl8xoQAfHrSsL3rYu6FCmBdkdbhc9EPlwyGHewaRsvwRMJtAlA==",
			"dev": true,
			"engines": {
				"node": "*"
			},
			"funding": {
				"type": "patreon",
				"url": "https://www.patreon.com/infusion"
			}
		},
		"node_modules/fsevents": {
			"version": "2.3.2",
			"license": "MIT",
			"optional": true,
			"os": [
				"darwin"
			],
			"engines": {
				"node": "^8.16.0 || ^10.6.0 || >=11.0.0"
			}
		},
		"node_modules/function-bind": {
			"version": "1.1.1",
			"resolved": "https://registry.npmjs.org/function-bind/-/function-bind-1.1.1.tgz",
			"integrity": "sha512-yIovAzMX49sF8Yl58fSCWJ5svSLuaibPxXQJFLmBObTuCr0Mf1KiPopGM9NiFjiYBCbfaa2Fh6breQ6ANVTI0A=="
		},
		"node_modules/glob-parent": {
			"version": "6.0.2",
			"license": "ISC",
			"dependencies": {
				"is-glob": "^4.0.3"
			},
			"engines": {
				"node": ">=10.13.0"
			}
		},
		"node_modules/has": {
			"version": "1.0.3",
			"resolved": "https://registry.npmjs.org/has/-/has-1.0.3.tgz",
			"integrity": "sha512-f2dvO0VU6Oej7RkWJGrehjbzMAjFp5/VKPp5tTpWIV4JHHZK1/BxbFRtf/siA2SWTe09caDmVtYYzWEIbBS4zw==",
			"dependencies": {
				"function-bind": "^1.1.1"
			},
			"engines": {
				"node": ">= 0.4.0"
			}
		},
		"node_modules/is-binary-path": {
			"version": "2.1.0",
			"license": "MIT",
			"dependencies": {
				"binary-extensions": "^2.0.0"
			},
			"engines": {
				"node": ">=8"
			}
		},
		"node_modules/is-core-module": {
			"version": "2.11.0",
			"resolved": "https://registry.npmjs.org/is-core-module/-/is-core-module-2.11.0.tgz",
			"integrity": "sha512-RRjxlvLDkD1YJwDbroBHMb+cukurkDWNyHx7D3oNB5x9rb5ogcksMC5wHCadcXoo67gVr/+3GFySh3134zi6rw==",
			"dependencies": {
				"has": "^1.0.3"
			},
			"funding": {
				"url": "https://github.com/sponsors/ljharb"
			}
		},
		"node_modules/is-extglob": {
			"version": "2.1.1",
			"license": "MIT",
			"engines": {
				"node": ">=0.10.0"
			}
		},
		"node_modules/is-glob": {
			"version": "4.0.3",
			"license": "MIT",
			"dependencies": {
				"is-extglob": "^2.1.1"
			},
			"engines": {
				"node": ">=0.10.0"
			}
		},
		"node_modules/is-number": {
			"version": "7.0.0",
			"license": "MIT",
			"engines": {
				"node": ">=0.12.0"
			}
		},
		"node_modules/js-tokens": {
			"version": "4.0.0",
			"license": "MIT"
		},
		"node_modules/lilconfig": {
			"version": "2.0.6",
			"resolved": "https://registry.npmjs.org/lilconfig/-/lilconfig-2.0.6.tgz",
			"integrity": "sha512-9JROoBW7pobfsx+Sq2JsASvCo6Pfo6WWoUW79HuB1BCoBXD4PLWJPqDF6fNj67pqBYTbAHkE57M1kS/+L1neOg==",
			"engines": {
				"node": ">=10"
			}
		},
		"node_modules/loose-envify": {
			"version": "1.4.0",
			"license": "MIT",
			"dependencies": {
				"js-tokens": "^3.0.0 || ^4.0.0"
			},
			"bin": {
				"loose-envify": "cli.js"
			}
		},
		"node_modules/merge2": {
			"version": "1.4.1",
			"resolved": "https://registry.npmjs.org/merge2/-/merge2-1.4.1.tgz",
			"integrity": "sha512-8q7VEgMJW4J8tcfVPy8g09NcQwZdbwFEqhe/WZkoIzjn/3TGDwtOCYtXGxA3O8tPzpczCCDgv+P2P5y00ZJOOg==",
			"engines": {
				"node": ">= 8"
			}
		},
		"node_modules/micromatch": {
			"version": "4.0.5",
			"resolved": "https://registry.npmjs.org/micromatch/-/micromatch-4.0.5.tgz",
			"integrity": "sha512-DMy+ERcEW2q8Z2Po+WNXuw3c5YaUSFjAO5GsJqfEl7UjvtIuFKO6ZrKvcItdy98dwFI2N1tg3zNIdKaQT+aNdA==",
			"dependencies": {
				"braces": "^3.0.2",
				"picomatch": "^2.3.1"
			},
			"engines": {
				"node": ">=8.6"
			}
		},
		"node_modules/minimist": {
			"version": "1.2.7",
			"resolved": "https://registry.npmjs.org/minimist/-/minimist-1.2.7.tgz",
			"integrity": "sha512-bzfL1YUZsP41gmu/qjrEk0Q6i2ix/cVeAhbCbqH9u3zYutS1cLg00qhrD0M2MVdCcx4Sc0UpP2eBWo9rotpq6g==",
			"funding": {
				"url": "https://github.com/sponsors/ljharb"
			}
		},
		"node_modules/nanoid": {
			"version": "3.3.4",
			"resolved": "https://registry.npmjs.org/nanoid/-/nanoid-3.3.4.tgz",
			"integrity": "sha512-MqBkQh/OHTS2egovRtLk45wEyNXwF+cokD+1YPf9u5VfJiRdAiRwB2froX5Co9Rh20xs4siNPm8naNotSD6RBw==",
			"bin": {
				"nanoid": "bin/nanoid.cjs"
			},
			"engines": {
				"node": "^10 || ^12 || ^13.7 || ^14 || >=15.0.1"
			}
		},
		"node_modules/next": {
			"version": "13.1.0",
			"resolved": "https://registry.npmjs.org/next/-/next-13.1.0.tgz",
			"integrity": "sha512-lQMZH1V94L5IL/WaihQkTYabSY73aqgrkGPJB5uz+2O3ES4I3losV/maXLY7l7x5e+oNyE9N81upNQ8uRsR5/A==",
			"dependencies": {
				"@next/env": "13.1.0",
				"@swc/helpers": "0.4.14",
				"caniuse-lite": "^1.0.30001406",
				"postcss": "8.4.14",
				"styled-jsx": "5.1.1"
			},
			"bin": {
				"next": "dist/bin/next"
			},
			"engines": {
				"node": ">=14.6.0"
			},
			"optionalDependencies": {
				"@next/swc-android-arm-eabi": "13.1.0",
				"@next/swc-android-arm64": "13.1.0",
				"@next/swc-darwin-arm64": "13.1.0",
				"@next/swc-darwin-x64": "13.1.0",
				"@next/swc-freebsd-x64": "13.1.0",
				"@next/swc-linux-arm-gnueabihf": "13.1.0",
				"@next/swc-linux-arm64-gnu": "13.1.0",
				"@next/swc-linux-arm64-musl": "13.1.0",
				"@next/swc-linux-x64-gnu": "13.1.0",
				"@next/swc-linux-x64-musl": "13.1.0",
				"@next/swc-win32-arm64-msvc": "13.1.0",
				"@next/swc-win32-ia32-msvc": "13.1.0",
				"@next/swc-win32-x64-msvc": "13.1.0"
			},
			"peerDependencies": {
				"fibers": ">= 3.1.0",
				"node-sass": "^6.0.0 || ^7.0.0",
				"react": "^18.2.0",
				"react-dom": "^18.2.0",
				"sass": "^1.3.0"
			},
			"peerDependenciesMeta": {
				"fibers": {
					"optional": true
				},
				"node-sass": {
					"optional": true
				},
				"sass": {
					"optional": true
				}
			}
		},
		"node_modules/next/node_modules/postcss": {
			"version": "8.4.14",
			"resolved": "https://registry.npmjs.org/postcss/-/postcss-8.4.14.tgz",
			"integrity": "sha512-E398TUmfAYFPBSdzgeieK2Y1+1cpdxJx8yXbK/m57nRhKSmk1GB2tO4lbLBtlkfPQTDKfe4Xqv1ASWPpayPEig==",
			"funding": [
				{
					"type": "opencollective",
					"url": "https://opencollective.com/postcss/"
				},
				{
					"type": "tidelift",
					"url": "https://tidelift.com/funding/github/npm/postcss"
				}
			],
			"dependencies": {
				"nanoid": "^3.3.4",
				"picocolors": "^1.0.0",
				"source-map-js": "^1.0.2"
			},
			"engines": {
				"node": "^10 || ^12 || >=14"
			}
		},
		"node_modules/node-releases": {
			"version": "2.0.6",
			"resolved": "https://registry.npmjs.org/node-releases/-/node-releases-2.0.6.tgz",
			"integrity": "sha512-PiVXnNuFm5+iYkLBNeq5211hvO38y63T0i2KKh2KnUs3RpzJ+JtODFjkD8yjLwnDkTYF1eKXheUwdssR+NRZdg==",
			"dev": true
		},
		"node_modules/normalize-path": {
			"version": "3.0.0",
			"license": "MIT",
			"engines": {
				"node": ">=0.10.0"
			}
		},
		"node_modules/normalize-range": {
			"version": "0.1.2",
			"dev": true,
			"license": "MIT",
			"engines": {
				"node": ">=0.10.0"
			}
		},
		"node_modules/object-hash": {
			"version": "3.0.0",
			"resolved": "https://registry.npmjs.org/object-hash/-/object-hash-3.0.0.tgz",
			"integrity": "sha512-RSn9F68PjH9HqtltsSnqYC1XXoWe9Bju5+213R98cNGttag9q9yAOTzdbsqvIa7aNm5WffBZFpWYr2aWrklWAw==",
			"engines": {
				"node": ">= 6"
			}
		},
		"node_modules/path-parse": {
			"version": "1.0.7",
			"resolved": "https://registry.npmjs.org/path-parse/-/path-parse-1.0.7.tgz",
			"integrity": "sha512-LDJzPVEEEPR+y48z93A0Ed0yXb8pAByGWo/k5YYdYgpY2/2EsOsksJrq7lOHxryrVOn1ejG6oAp8ahvOIQD8sw=="
		},
		"node_modules/picocolors": {
			"version": "1.0.0",
			"license": "ISC"
		},
		"node_modules/picomatch": {
			"version": "2.3.1",
			"license": "MIT",
			"engines": {
				"node": ">=8.6"
			},
			"funding": {
				"url": "https://github.com/sponsors/jonschlinkert"
			}
		},
		"node_modules/pify": {
			"version": "2.3.0",
			"resolved": "https://registry.npmjs.org/pify/-/pify-2.3.0.tgz",
			"integrity": "sha512-udgsAY+fTnvv7kI7aaxbqwWNb0AHiB0qBO89PZKPkoTmGOgdbrHDKD+0B2X4uTfJ/FT1R09r9gTsjUjNJotuog==",
			"engines": {
				"node": ">=0.10.0"
			}
		},
		"node_modules/postcss": {
			"version": "8.4.20",
			"resolved": "https://registry.npmjs.org/postcss/-/postcss-8.4.20.tgz",
			"integrity": "sha512-6Q04AXR1212bXr5fh03u8aAwbLxAQNGQ/Q1LNa0VfOI06ZAlhPHtQvE4OIdpj4kLThXilalPnmDSOD65DcHt+g==",
			"funding": [
				{
					"type": "opencollective",
					"url": "https://opencollective.com/postcss/"
				},
				{
					"type": "tidelift",
					"url": "https://tidelift.com/funding/github/npm/postcss"
				}
			],
			"dependencies": {
				"nanoid": "^3.3.4",
				"picocolors": "^1.0.0",
				"source-map-js": "^1.0.2"
			},
			"engines": {
				"node": "^10 || ^12 || >=14"
			}
		},
		"node_modules/postcss-import": {
			"version": "14.1.0",
			"resolved": "https://registry.npmjs.org/postcss-import/-/postcss-import-14.1.0.tgz",
			"integrity": "sha512-flwI+Vgm4SElObFVPpTIT7SU7R3qk2L7PyduMcokiaVKuWv9d/U+Gm/QAd8NDLuykTWTkcrjOeD2Pp1rMeBTGw==",
			"dependencies": {
				"postcss-value-parser": "^4.0.0",
				"read-cache": "^1.0.0",
				"resolve": "^1.1.7"
			},
			"engines": {
				"node": ">=10.0.0"
			},
			"peerDependencies": {
				"postcss": "^8.0.0"
			}
		},
		"node_modules/postcss-js": {
			"version": "4.0.0",
			"license": "MIT",
			"dependencies": {
				"camelcase-css": "^2.0.1"
			},
			"engines": {
				"node": "^12 || ^14 || >= 16"
			},
			"funding": {
				"type": "opencollective",
				"url": "https://opencollective.com/postcss/"
			},
			"peerDependencies": {
				"postcss": "^8.3.3"
			}
		},
		"node_modules/postcss-load-config": {
			"version": "3.1.4",
			"resolved": "https://registry.npmjs.org/postcss-load-config/-/postcss-load-config-3.1.4.tgz",
			"integrity": "sha512-6DiM4E7v4coTE4uzA8U//WhtPwyhiim3eyjEMFCnUpzbrkK9wJHgKDT2mR+HbtSrd/NubVaYTOpSpjUl8NQeRg==",
			"dependencies": {
				"lilconfig": "^2.0.5",
				"yaml": "^1.10.2"
			},
			"engines": {
				"node": ">= 10"
			},
			"funding": {
				"type": "opencollective",
				"url": "https://opencollective.com/postcss/"
			},
			"peerDependencies": {
				"postcss": ">=8.0.9",
				"ts-node": ">=9.0.0"
			},
			"peerDependenciesMeta": {
				"postcss": {
					"optional": true
				},
				"ts-node": {
					"optional": true
				}
			}
		},
		"node_modules/postcss-nested": {
			"version": "6.0.0",
			"resolved": "https://registry.npmjs.org/postcss-nested/-/postcss-nested-6.0.0.tgz",
			"integrity": "sha512-0DkamqrPcmkBDsLn+vQDIrtkSbNkv5AD/M322ySo9kqFkCIYklym2xEmWkwo+Y3/qZo34tzEPNUw4y7yMCdv5w==",
			"dependencies": {
				"postcss-selector-parser": "^6.0.10"
			},
			"engines": {
				"node": ">=12.0"
			},
			"funding": {
				"type": "opencollective",
				"url": "https://opencollective.com/postcss/"
			},
			"peerDependencies": {
				"postcss": "^8.2.14"
			}
		},
		"node_modules/postcss-selector-parser": {
			"version": "6.0.11",
			"resolved": "https://registry.npmjs.org/postcss-selector-parser/-/postcss-selector-parser-6.0.11.tgz",
			"integrity": "sha512-zbARubNdogI9j7WY4nQJBiNqQf3sLS3wCP4WfOidu+p28LofJqDH1tcXypGrcmMHhDk2t9wGhCsYe/+szLTy1g==",
			"dependencies": {
				"cssesc": "^3.0.0",
				"util-deprecate": "^1.0.2"
			},
			"engines": {
				"node": ">=4"
			}
		},
		"node_modules/postcss-value-parser": {
			"version": "4.2.0",
			"license": "MIT"
		},
		"node_modules/queue-microtask": {
			"version": "1.2.3",
			"resolved": "https://registry.npmjs.org/queue-microtask/-/queue-microtask-1.2.3.tgz",
			"integrity": "sha512-NuaNSa6flKT5JaSYQzJok04JzTL1CA6aGhv5rfLW3PgqA+M2ChpZQnAC8h8i4ZFkBS8X5RqkDBHA7r4hej3K9A==",
			"funding": [
				{
					"type": "github",
					"url": "https://github.com/sponsors/feross"
				},
				{
					"type": "patreon",
					"url": "https://www.patreon.com/feross"
				},
				{
					"type": "consulting",
					"url": "https://feross.org/support"
				}
			]
		},
		"node_modules/quick-lru": {
			"version": "5.1.1",
			"license": "MIT",
			"engines": {
				"node": ">=10"
			},
			"funding": {
				"url": "https://github.com/sponsors/sindresorhus"
			}
		},
		"node_modules/react": {
			"version": "18.2.0",
			"license": "MIT",
			"dependencies": {
				"loose-envify": "^1.1.0"
			},
			"engines": {
				"node": ">=0.10.0"
			}
		},
		"node_modules/react-dom": {
			"version": "18.2.0",
			"license": "MIT",
			"dependencies": {
				"loose-envify": "^1.1.0",
				"scheduler": "^0.23.0"
			},
			"peerDependencies": {
				"react": "^18.2.0"
			}
		},
		"node_modules/read-cache": {
			"version": "1.0.0",
			"resolved": "https://registry.npmjs.org/read-cache/-/read-cache-1.0.0.tgz",
			"integrity": "sha512-Owdv/Ft7IjOgm/i0xvNDZ1LrRANRfew4b2prF3OWMQLxLfu3bS8FVhCsrSCMK4lR56Y9ya+AThoTpDCTxCmpRA==",
			"dependencies": {
				"pify": "^2.3.0"
			}
		},
		"node_modules/readdirp": {
			"version": "3.6.0",
			"license": "MIT",
			"dependencies": {
				"picomatch": "^2.2.1"
			},
			"engines": {
				"node": ">=8.10.0"
			}
		},
		"node_modules/resolve": {
			"version": "1.22.1",
			"resolved": "https://registry.npmjs.org/resolve/-/resolve-1.22.1.tgz",
			"integrity": "sha512-nBpuuYuY5jFsli/JIs1oldw6fOQCBioohqWZg/2hiaOybXOft4lonv85uDOKXdf8rhyK159cxU5cDcK/NKk8zw==",
			"dependencies": {
				"is-core-module": "^2.9.0",
				"path-parse": "^1.0.7",
				"supports-preserve-symlinks-flag": "^1.0.0"
			},
			"bin": {
				"resolve": "bin/resolve"
			},
			"funding": {
				"url": "https://github.com/sponsors/ljharb"
			}
		},
		"node_modules/reusify": {
			"version": "1.0.4",
			"resolved": "https://registry.npmjs.org/reusify/-/reusify-1.0.4.tgz",
			"integrity": "sha512-U9nH88a3fc/ekCF1l0/UP1IosiuIjyTh7hBvXVMHYgVcfGvt897Xguj2UOLDeI5BG2m7/uwyaLVT6fbtCwTyzw==",
			"engines": {
				"iojs": ">=1.0.0",
				"node": ">=0.10.0"
			}
		},
		"node_modules/run-parallel": {
			"version": "1.2.0",
			"resolved": "https://registry.npmjs.org/run-parallel/-/run-parallel-1.2.0.tgz",
			"integrity": "sha512-5l4VyZR86LZ/lDxZTR6jqL8AFE2S0IFLMP26AbjsLVADxHdhB/c0GUsH+y39UfCi3dzz8OlQuPmnaJOMoDHQBA==",
			"funding": [
				{
					"type": "github",
					"url": "https://github.com/sponsors/feross"
				},
				{
					"type": "patreon",
					"url": "https://www.patreon.com/feross"
				},
				{
					"type": "consulting",
					"url": "https://feross.org/support"
				}
			],
			"dependencies": {
				"queue-microtask": "^1.2.2"
			}
		},
		"node_modules/scheduler": {
			"version": "0.23.0",
			"license": "MIT",
			"dependencies": {
				"loose-envify": "^1.1.0"
			}
		},
		"node_modules/server-only": {
			"version": "0.0.1",
			"resolved": "https://registry.npmjs.org/server-only/-/server-only-0.0.1.tgz",
			"integrity": "sha512-qepMx2JxAa5jjfzxG79yPPq+8BuFToHd1hm7kI+Z4zAq1ftQiP7HcxMhDDItrbtwVeLg/cY2JnKnrcFkmiswNA=="
		},
		"node_modules/source-map-js": {
			"version": "1.0.2",
			"license": "BSD-3-Clause",
			"engines": {
				"node": ">=0.10.0"
			}
		},
		"node_modules/styled-jsx": {
			"version": "5.1.1",
			"resolved": "https://registry.npmjs.org/styled-jsx/-/styled-jsx-5.1.1.tgz",
			"integrity": "sha512-pW7uC1l4mBZ8ugbiZrcIsiIvVx1UmTfw7UkC3Um2tmfUq9Bhk8IiyEIPl6F8agHgjzku6j0xQEZbfA5uSgSaCw==",
			"dependencies": {
				"client-only": "0.0.1"
			},
			"engines": {
				"node": ">= 12.0.0"
			},
			"peerDependencies": {
				"react": ">= 16.8.0 || 17.x.x || ^18.0.0-0"
			},
			"peerDependenciesMeta": {
				"@babel/core": {
					"optional": true
				},
				"babel-plugin-macros": {
					"optional": true
				}
			}
		},
		"node_modules/supports-preserve-symlinks-flag": {
			"version": "1.0.0",
			"resolved": "https://registry.npmjs.org/supports-preserve-symlinks-flag/-/supports-preserve-symlinks-flag-1.0.0.tgz",
			"integrity": "sha512-ot0WnXS9fgdkgIcePe6RHNk1WA8+muPa6cSjeR3V8K27q9BB1rTE3R1p7Hv0z1ZyAc8s6Vvv8DIyWf681MAt0w==",
			"engines": {
				"node": ">= 0.4"
			},
			"funding": {
				"url": "https://github.com/sponsors/ljharb"
			}
		},
		"node_modules/tailwindcss": {
			"version": "3.2.4",
			"resolved": "https://registry.npmjs.org/tailwindcss/-/tailwindcss-3.2.4.tgz",
			"integrity": "sha512-AhwtHCKMtR71JgeYDaswmZXhPcW9iuI9Sp2LvZPo9upDZ7231ZJ7eA9RaURbhpXGVlrjX4cFNlB4ieTetEb7hQ==",
			"dependencies": {
				"arg": "^5.0.2",
				"chokidar": "^3.5.3",
				"color-name": "^1.1.4",
				"detective": "^5.2.1",
				"didyoumean": "^1.2.2",
				"dlv": "^1.1.3",
				"fast-glob": "^3.2.12",
				"glob-parent": "^6.0.2",
				"is-glob": "^4.0.3",
				"lilconfig": "^2.0.6",
				"micromatch": "^4.0.5",
				"normalize-path": "^3.0.0",
				"object-hash": "^3.0.0",
				"picocolors": "^1.0.0",
				"postcss": "^8.4.18",
				"postcss-import": "^14.1.0",
				"postcss-js": "^4.0.0",
				"postcss-load-config": "^3.1.4",
				"postcss-nested": "6.0.0",
				"postcss-selector-parser": "^6.0.10",
				"postcss-value-parser": "^4.2.0",
				"quick-lru": "^5.1.1",
				"resolve": "^1.22.1"
			},
			"bin": {
				"tailwind": "lib/cli.js",
				"tailwindcss": "lib/cli.js"
			},
			"engines": {
				"node": ">=12.13.0"
			},
			"peerDependencies": {
				"postcss": "^8.0.9"
			}
		},
		"node_modules/to-regex-range": {
			"version": "5.0.1",
			"license": "MIT",
			"dependencies": {
				"is-number": "^7.0.0"
			},
			"engines": {
				"node": ">=8.0"
			}
		},
		"node_modules/tslib": {
			"version": "2.4.1",
			"resolved": "https://registry.npmjs.org/tslib/-/tslib-2.4.1.tgz",
			"integrity": "sha512-tGyy4dAjRIEwI7BzsB0lynWgOpfqjUdq91XXAlIWD2OwKBH7oCl/GZG/HT4BOHrTlPMOASlMQ7veyTqpmRcrNA=="
		},
		"node_modules/typescript": {
			"version": "4.9.4",
			"resolved": "https://registry.npmjs.org/typescript/-/typescript-4.9.4.tgz",
			"integrity": "sha512-Uz+dTXYzxXXbsFpM86Wh3dKCxrQqUcVMxwU54orwlJjOpO3ao8L7j5lH+dWfTwgCwIuM9GQ2kvVotzYJMXTBZg==",
			"dev": true,
			"bin": {
				"tsc": "bin/tsc",
				"tsserver": "bin/tsserver"
			},
			"engines": {
				"node": ">=4.2.0"
			}
		},
		"node_modules/update-browserslist-db": {
			"version": "1.0.10",
			"resolved": "https://registry.npmjs.org/update-browserslist-db/-/update-browserslist-db-1.0.10.tgz",
			"integrity": "sha512-OztqDenkfFkbSG+tRxBeAnCVPckDBcvibKd35yDONx6OU8N7sqgwc7rCbkJ/WcYtVRZ4ba68d6byhC21GFh7sQ==",
			"dev": true,
			"funding": [
				{
					"type": "opencollective",
					"url": "https://opencollective.com/browserslist"
				},
				{
					"type": "tidelift",
					"url": "https://tidelift.com/funding/github/npm/browserslist"
				}
			],
			"dependencies": {
				"escalade": "^3.1.1",
				"picocolors": "^1.0.0"
			},
			"bin": {
				"browserslist-lint": "cli.js"
			},
			"peerDependencies": {
				"browserslist": ">= 4.21.0"
			}
		},
		"node_modules/util-deprecate": {
			"version": "1.0.2",
			"license": "MIT"
		},
		"node_modules/xtend": {
			"version": "4.0.2",
			"resolved": "https://registry.npmjs.org/xtend/-/xtend-4.0.2.tgz",
			"integrity": "sha512-LKYU1iAXJXUgAXn9URjiu+MWhyUXHsvfp7mcuYm9dSUKK0/CjtrUwFAxD82/mCWbtLsGjFIad0wIsod4zrTAEQ==",
			"engines": {
				"node": ">=0.4"
			}
		},
		"node_modules/yaml": {
			"version": "1.10.2",
			"resolved": "https://registry.npmjs.org/yaml/-/yaml-1.10.2.tgz",
			"integrity": "sha512-r3vXyErRCYJ7wg28yvBY5VSoAF8ZvlcW9/BwUzEtUsjvX/DKs24dIkuwjtuprwJJHsbyUbLApepYTR1BN4uHrg==",
			"engines": {
				"node": ">= 6"
			}
		}
	}
}
